// !$*UTF8*$!
{
	archiveVersion = 1;
	classes = {
	};
	objectVersion = 46;
	objects = {

/* Begin PBXBuildFile section */
		171C8D8819A6982600B4470D /* settings.png in Resources */ = {isa = PBXBuildFile; fileRef = 171C8D8719A6982600B4470D /* settings.png */; };
		171C8D8B19A698E100B4470D /* PVThirdTableViewController.m in Sources */ = {isa = PBXBuildFile; fileRef = 171C8D8A19A698E100B4470D /* PVThirdTableViewController.m */; };
		173AC31119AB9B1B004744CB /* PVSettingsViewController.m in Sources */ = {isa = PBXBuildFile; fileRef = 173AC31019AB9B1B004744CB /* PVSettingsViewController.m */; };
		173AC31719ABA15A004744CB /* PVInfoViewController.m in Sources */ = {isa = PBXBuildFile; fileRef = 173AC31619ABA15A004744CB /* PVInfoViewController.m */; };
		174D2EF119AB7FDE004424E1 /* MKiCloudSync.m in Sources */ = {isa = PBXBuildFile; fileRef = 174D2EF019AB7FDE004424E1 /* MKiCloudSync.m */; };
		174D2EF619AB82F6004424E1 /* flechaI.png in Resources */ = {isa = PBXBuildFile; fileRef = 174D2EF419AB82F6004424E1 /* flechaI.png */; };
		174D2EF719AB82F6004424E1 /* flechaD.png in Resources */ = {isa = PBXBuildFile; fileRef = 174D2EF519AB82F6004424E1 /* flechaD.png */; };
		174D2EFF19AB8CD3004424E1 /* 1.png in Resources */ = {isa = PBXBuildFile; fileRef = 174D2EF919AB8CD3004424E1 /* 1.png */; };
		174D2F0019AB8CD3004424E1 /* 2.png in Resources */ = {isa = PBXBuildFile; fileRef = 174D2EFA19AB8CD3004424E1 /* 2.png */; };
		174D2F0119AB8CD3004424E1 /* 3.png in Resources */ = {isa = PBXBuildFile; fileRef = 174D2EFB19AB8CD3004424E1 /* 3.png */; };
		174D2F0219AB8CD3004424E1 /* 4.png in Resources */ = {isa = PBXBuildFile; fileRef = 174D2EFC19AB8CD3004424E1 /* 4.png */; };
		174D2F0319AB8CD3004424E1 /* 5.png in Resources */ = {isa = PBXBuildFile; fileRef = 174D2EFD19AB8CD3004424E1 /* 5.png */; };
		174D2F0419AB8CD3004424E1 /* 6.png in Resources */ = {isa = PBXBuildFile; fileRef = 174D2EFE19AB8CD3004424E1 /* 6.png */; };
		1784BB991A4E1BB10012C034 /* Main_iPad.storyboard in Resources */ = {isa = PBXBuildFile; fileRef = 1784BB971A4E1BB10012C034 /* Main_iPad.storyboard */; };
		1784BBAE1A4E213C0012C034 /* Icon-40.png in Resources */ = {isa = PBXBuildFile; fileRef = 1784BB9B1A4E213C0012C034 /* Icon-40.png */; };
		1784BBAF1A4E213C0012C034 /* Icon-40@2x.png in Resources */ = {isa = PBXBuildFile; fileRef = 1784BB9C1A4E213C0012C034 /* Icon-40@2x.png */; };
		1784BBB01A4E213C0012C034 /* Icon-40@3x.png in Resources */ = {isa = PBXBuildFile; fileRef = 1784BB9D1A4E213C0012C034 /* Icon-40@3x.png */; };
		1784BBB11A4E213C0012C034 /* Icon-60.png in Resources */ = {isa = PBXBuildFile; fileRef = 1784BB9E1A4E213C0012C034 /* Icon-60.png */; };
		1784BBB21A4E213C0012C034 /* Icon-60@2x.png in Resources */ = {isa = PBXBuildFile; fileRef = 1784BB9F1A4E213C0012C034 /* Icon-60@2x.png */; };
		1784BBB31A4E213C0012C034 /* Icon-60@3x.png in Resources */ = {isa = PBXBuildFile; fileRef = 1784BBA01A4E213C0012C034 /* Icon-60@3x.png */; };
		1784BBB41A4E213C0012C034 /* Icon-72.png in Resources */ = {isa = PBXBuildFile; fileRef = 1784BBA11A4E213C0012C034 /* Icon-72.png */; };
		1784BBB51A4E213C0012C034 /* Icon-72@2x.png in Resources */ = {isa = PBXBuildFile; fileRef = 1784BBA21A4E213C0012C034 /* Icon-72@2x.png */; };
		1784BBB61A4E213C0012C034 /* Icon-76.png in Resources */ = {isa = PBXBuildFile; fileRef = 1784BBA31A4E213C0012C034 /* Icon-76.png */; };
		1784BBB71A4E213C0012C034 /* Icon-76@2x.png in Resources */ = {isa = PBXBuildFile; fileRef = 1784BBA41A4E213C0012C034 /* Icon-76@2x.png */; };
		1784BBB81A4E213C0012C034 /* Icon-Small-50.png in Resources */ = {isa = PBXBuildFile; fileRef = 1784BBA51A4E213C0012C034 /* Icon-Small-50.png */; };
		1784BBB91A4E213C0012C034 /* Icon-Small-50@2x.png in Resources */ = {isa = PBXBuildFile; fileRef = 1784BBA61A4E213C0012C034 /* Icon-Small-50@2x.png */; };
		1784BBBA1A4E213C0012C034 /* Icon-Small.png in Resources */ = {isa = PBXBuildFile; fileRef = 1784BBA71A4E213C0012C034 /* Icon-Small.png */; };
		1784BBBB1A4E213C0012C034 /* Icon-Small@2x.png in Resources */ = {isa = PBXBuildFile; fileRef = 1784BBA81A4E213C0012C034 /* Icon-Small@2x.png */; };
		1784BBBC1A4E213C0012C034 /* Icon-Small@3x.png in Resources */ = {isa = PBXBuildFile; fileRef = 1784BBA91A4E213C0012C034 /* Icon-Small@3x.png */; };
		1784BBBD1A4E213C0012C034 /* Icon.png in Resources */ = {isa = PBXBuildFile; fileRef = 1784BBAA1A4E213C0012C034 /* Icon.png */; };
		1784BBBE1A4E213C0012C034 /* Icon@2x.png in Resources */ = {isa = PBXBuildFile; fileRef = 1784BBAB1A4E213C0012C034 /* Icon@2x.png */; };
		1784BBBF1A4E213C0012C034 /* iTunesArtwork.png in Resources */ = {isa = PBXBuildFile; fileRef = 1784BBAC1A4E213C0012C034 /* iTunesArtwork.png */; };
		1784BBC01A4E213C0012C034 /* iTunesArtwork@2x.png in Resources */ = {isa = PBXBuildFile; fileRef = 1784BBAD1A4E213C0012C034 /* iTunesArtwork@2x.png */; };
		1789349619A6921300310CDB /* todo.png in Resources */ = {isa = PBXBuildFile; fileRef = 1789349419A6921300310CDB /* todo.png */; };
		1789349A19A694FE00310CDB /* list.png in Resources */ = {isa = PBXBuildFile; fileRef = 1789349919A694FE00310CDB /* list.png */; };
		1789F89219AA3255006F83ED /* PVMenuViewController.m in Sources */ = {isa = PBXBuildFile; fileRef = 1789F89119AA3255006F83ED /* PVMenuViewController.m */; };
		17DB92E919A4309C00AEBFC3 /* Foundation.framework in Frameworks */ = {isa = PBXBuildFile; fileRef = 17DB92E819A4309C00AEBFC3 /* Foundation.framework */; };
		17DB92EB19A4309C00AEBFC3 /* CoreGraphics.framework in Frameworks */ = {isa = PBXBuildFile; fileRef = 17DB92EA19A4309C00AEBFC3 /* CoreGraphics.framework */; };
		17DB92ED19A4309C00AEBFC3 /* UIKit.framework in Frameworks */ = {isa = PBXBuildFile; fileRef = 17DB92EC19A4309C00AEBFC3 /* UIKit.framework */; };
		17DB92F319A4309C00AEBFC3 /* InfoPlist.strings in Resources */ = {isa = PBXBuildFile; fileRef = 17DB92F119A4309C00AEBFC3 /* InfoPlist.strings */; };
		17DB92F519A4309C00AEBFC3 /* main.m in Sources */ = {isa = PBXBuildFile; fileRef = 17DB92F419A4309C00AEBFC3 /* main.m */; };
		17DB92F919A4309C00AEBFC3 /* PVAppDelegate.m in Sources */ = {isa = PBXBuildFile; fileRef = 17DB92F819A4309C00AEBFC3 /* PVAppDelegate.m */; };
		17DB92FC19A4309C00AEBFC3 /* Main.storyboard in Resources */ = {isa = PBXBuildFile; fileRef = 17DB92FA19A4309C00AEBFC3 /* Main.storyboard */; };
		17DB930119A4309C00AEBFC3 /* Images.xcassets in Resources */ = {isa = PBXBuildFile; fileRef = 17DB930019A4309C00AEBFC3 /* Images.xcassets */; };
		17DB930719A4309C00AEBFC3 /* XCTest.framework in Frameworks */ = {isa = PBXBuildFile; fileRef = 17DB930619A4309C00AEBFC3 /* XCTest.framework */; };
		17DB930819A4309C00AEBFC3 /* Foundation.framework in Frameworks */ = {isa = PBXBuildFile; fileRef = 17DB92E819A4309C00AEBFC3 /* Foundation.framework */; };
		17DB930919A4309C00AEBFC3 /* UIKit.framework in Frameworks */ = {isa = PBXBuildFile; fileRef = 17DB92EC19A4309C00AEBFC3 /* UIKit.framework */; };
		17DB931119A4309C00AEBFC3 /* InfoPlist.strings in Resources */ = {isa = PBXBuildFile; fileRef = 17DB930F19A4309C00AEBFC3 /* InfoPlist.strings */; };
		17DB931319A4309C00AEBFC3 /* Color_DoTests.m in Sources */ = {isa = PBXBuildFile; fileRef = 17DB931219A4309C00AEBFC3 /* Color_DoTests.m */; };
		17DB932419A4339900AEBFC3 /* PVSecondTableViewController.m in Sources */ = {isa = PBXBuildFile; fileRef = 17DB932319A4339900AEBFC3 /* PVSecondTableViewController.m */; };
		17DB932C19A43DDD00AEBFC3 /* PVSecondTableViewCell.m in Sources */ = {isa = PBXBuildFile; fileRef = 17DB932B19A43DDD00AEBFC3 /* PVSecondTableViewCell.m */; };
		17DB934D19A449F300AEBFC3 /* Aller Font License.txt in Resources */ = {isa = PBXBuildFile; fileRef = 17DB934519A449F300AEBFC3 /* Aller Font License.txt */; };
		17DB934E19A449F300AEBFC3 /* Aller_Bd.ttf in Resources */ = {isa = PBXBuildFile; fileRef = 17DB934619A449F300AEBFC3 /* Aller_Bd.ttf */; };
		17DB934F19A449F300AEBFC3 /* Aller_BdIt.ttf in Resources */ = {isa = PBXBuildFile; fileRef = 17DB934719A449F300AEBFC3 /* Aller_BdIt.ttf */; };
		17DB935019A449F300AEBFC3 /* Aller_It.ttf in Resources */ = {isa = PBXBuildFile; fileRef = 17DB934819A449F300AEBFC3 /* Aller_It.ttf */; };
		17DB935119A449F300AEBFC3 /* Aller_Lt.ttf in Resources */ = {isa = PBXBuildFile; fileRef = 17DB934919A449F300AEBFC3 /* Aller_Lt.ttf */; };
		17DB935219A449F300AEBFC3 /* Aller_LtIt.ttf in Resources */ = {isa = PBXBuildFile; fileRef = 17DB934A19A449F300AEBFC3 /* Aller_LtIt.ttf */; };
		17DB935319A449F300AEBFC3 /* Aller_Rg.ttf in Resources */ = {isa = PBXBuildFile; fileRef = 17DB934B19A449F300AEBFC3 /* Aller_Rg.ttf */; };
		17DB935419A449F300AEBFC3 /* AllerDisplay.ttf in Resources */ = {isa = PBXBuildFile; fileRef = 17DB934C19A449F300AEBFC3 /* AllerDisplay.ttf */; };
		17DB935719A44D4F00AEBFC3 /* PVListItem.m in Sources */ = {isa = PBXBuildFile; fileRef = 17DB935619A44D4F00AEBFC3 /* PVListItem.m */; };
/* End PBXBuildFile section */

/* Begin PBXContainerItemProxy section */
		17DB930A19A4309C00AEBFC3 /* PBXContainerItemProxy */ = {
			isa = PBXContainerItemProxy;
			containerPortal = 17DB92DD19A4309C00AEBFC3 /* Project object */;
			proxyType = 1;
			remoteGlobalIDString = 17DB92E419A4309C00AEBFC3;
			remoteInfo = "Color Do";
		};
/* End PBXContainerItemProxy section */

/* Begin PBXFileReference section */
		171C8D8719A6982600B4470D /* settings.png */ = {isa = PBXFileReference; lastKnownFileType = image.png; path = settings.png; sourceTree = "<group>"; };
		171C8D8919A698E100B4470D /* PVThirdTableViewController.h */ = {isa = PBXFileReference; fileEncoding = 4; lastKnownFileType = sourcecode.c.h; path = PVThirdTableViewController.h; sourceTree = "<group>"; };
		171C8D8A19A698E100B4470D /* PVThirdTableViewController.m */ = {isa = PBXFileReference; fileEncoding = 4; lastKnownFileType = sourcecode.c.objc; path = PVThirdTableViewController.m; sourceTree = "<group>"; };
		1723A3BD19AA9A2600A2C624 /* en */ = {isa = PBXFileReference; lastKnownFileType = text.plist.strings; name = en; path = en.lproj/Main.strings; sourceTree = "<group>"; };
		173AC30F19AB9B1B004744CB /* PVSettingsViewController.h */ = {isa = PBXFileReference; fileEncoding = 4; lastKnownFileType = sourcecode.c.h; path = PVSettingsViewController.h; sourceTree = "<group>"; };
		173AC31019AB9B1B004744CB /* PVSettingsViewController.m */ = {isa = PBXFileReference; fileEncoding = 4; lastKnownFileType = sourcecode.c.objc; path = PVSettingsViewController.m; sourceTree = "<group>"; };
		173AC31519ABA15A004744CB /* PVInfoViewController.h */ = {isa = PBXFileReference; fileEncoding = 4; lastKnownFileType = sourcecode.c.h; path = PVInfoViewController.h; sourceTree = "<group>"; };
		173AC31619ABA15A004744CB /* PVInfoViewController.m */ = {isa = PBXFileReference; fileEncoding = 4; lastKnownFileType = sourcecode.c.objc; path = PVInfoViewController.m; sourceTree = "<group>"; };
		174D2EEF19AB7FDE004424E1 /* MKiCloudSync.h */ = {isa = PBXFileReference; fileEncoding = 4; lastKnownFileType = sourcecode.c.h; path = MKiCloudSync.h; sourceTree = "<group>"; };
		174D2EF019AB7FDE004424E1 /* MKiCloudSync.m */ = {isa = PBXFileReference; fileEncoding = 4; lastKnownFileType = sourcecode.c.objc; path = MKiCloudSync.m; sourceTree = "<group>"; };
		174D2EF319AB808B004424E1 /* Color Do.entitlements */ = {isa = PBXFileReference; lastKnownFileType = text.xml; path = "Color Do.entitlements"; sourceTree = "<group>"; };
		174D2EF419AB82F6004424E1 /* flechaI.png */ = {isa = PBXFileReference; lastKnownFileType = image.png; path = flechaI.png; sourceTree = "<group>"; };
		174D2EF519AB82F6004424E1 /* flechaD.png */ = {isa = PBXFileReference; lastKnownFileType = image.png; path = flechaD.png; sourceTree = "<group>"; };
		174D2EF919AB8CD3004424E1 /* 1.png */ = {isa = PBXFileReference; lastKnownFileType = image.png; path = 1.png; sourceTree = "<group>"; };
		174D2EFA19AB8CD3004424E1 /* 2.png */ = {isa = PBXFileReference; lastKnownFileType = image.png; path = 2.png; sourceTree = "<group>"; };
		174D2EFB19AB8CD3004424E1 /* 3.png */ = {isa = PBXFileReference; lastKnownFileType = image.png; path = 3.png; sourceTree = "<group>"; };
		174D2EFC19AB8CD3004424E1 /* 4.png */ = {isa = PBXFileReference; lastKnownFileType = image.png; path = 4.png; sourceTree = "<group>"; };
		174D2EFD19AB8CD3004424E1 /* 5.png */ = {isa = PBXFileReference; lastKnownFileType = image.png; path = 5.png; sourceTree = "<group>"; };
		174D2EFE19AB8CD3004424E1 /* 6.png */ = {isa = PBXFileReference; lastKnownFileType = image.png; path = 6.png; sourceTree = "<group>"; };
		1784BB981A4E1BB10012C034 /* Base */ = {isa = PBXFileReference; lastKnownFileType = file.storyboard; name = Base; path = Base.lproj/Main_iPad.storyboard; sourceTree = "<group>"; };
		1784BB9B1A4E213C0012C034 /* Icon-40.png */ = {isa = PBXFileReference; lastKnownFileType = image.png; path = "Icon-40.png"; sourceTree = "<group>"; };
		1784BB9C1A4E213C0012C034 /* Icon-40@2x.png */ = {isa = PBXFileReference; lastKnownFileType = image.png; path = "Icon-40@2x.png"; sourceTree = "<group>"; };
		1784BB9D1A4E213C0012C034 /* Icon-40@3x.png */ = {isa = PBXFileReference; lastKnownFileType = image.png; path = "Icon-40@3x.png"; sourceTree = "<group>"; };
		1784BB9E1A4E213C0012C034 /* Icon-60.png */ = {isa = PBXFileReference; lastKnownFileType = image.png; path = "Icon-60.png"; sourceTree = "<group>"; };
		1784BB9F1A4E213C0012C034 /* Icon-60@2x.png */ = {isa = PBXFileReference; lastKnownFileType = image.png; path = "Icon-60@2x.png"; sourceTree = "<group>"; };
		1784BBA01A4E213C0012C034 /* Icon-60@3x.png */ = {isa = PBXFileReference; lastKnownFileType = image.png; path = "Icon-60@3x.png"; sourceTree = "<group>"; };
		1784BBA11A4E213C0012C034 /* Icon-72.png */ = {isa = PBXFileReference; lastKnownFileType = image.png; path = "Icon-72.png"; sourceTree = "<group>"; };
		1784BBA21A4E213C0012C034 /* Icon-72@2x.png */ = {isa = PBXFileReference; lastKnownFileType = image.png; path = "Icon-72@2x.png"; sourceTree = "<group>"; };
		1784BBA31A4E213C0012C034 /* Icon-76.png */ = {isa = PBXFileReference; lastKnownFileType = image.png; path = "Icon-76.png"; sourceTree = "<group>"; };
		1784BBA41A4E213C0012C034 /* Icon-76@2x.png */ = {isa = PBXFileReference; lastKnownFileType = image.png; path = "Icon-76@2x.png"; sourceTree = "<group>"; };
		1784BBA51A4E213C0012C034 /* Icon-Small-50.png */ = {isa = PBXFileReference; lastKnownFileType = image.png; path = "Icon-Small-50.png"; sourceTree = "<group>"; };
		1784BBA61A4E213C0012C034 /* Icon-Small-50@2x.png */ = {isa = PBXFileReference; lastKnownFileType = image.png; path = "Icon-Small-50@2x.png"; sourceTree = "<group>"; };
		1784BBA71A4E213C0012C034 /* Icon-Small.png */ = {isa = PBXFileReference; lastKnownFileType = image.png; path = "Icon-Small.png"; sourceTree = "<group>"; };
		1784BBA81A4E213C0012C034 /* Icon-Small@2x.png */ = {isa = PBXFileReference; lastKnownFileType = image.png; path = "Icon-Small@2x.png"; sourceTree = "<group>"; };
		1784BBA91A4E213C0012C034 /* Icon-Small@3x.png */ = {isa = PBXFileReference; lastKnownFileType = image.png; path = "Icon-Small@3x.png"; sourceTree = "<group>"; };
		1784BBAA1A4E213C0012C034 /* Icon.png */ = {isa = PBXFileReference; lastKnownFileType = image.png; path = Icon.png; sourceTree = "<group>"; };
		1784BBAB1A4E213C0012C034 /* Icon@2x.png */ = {isa = PBXFileReference; lastKnownFileType = image.png; path = "Icon@2x.png"; sourceTree = "<group>"; };
		1784BBAC1A4E213C0012C034 /* iTunesArtwork.png */ = {isa = PBXFileReference; lastKnownFileType = image.png; path = iTunesArtwork.png; sourceTree = "<group>"; };
		1784BBAD1A4E213C0012C034 /* iTunesArtwork@2x.png */ = {isa = PBXFileReference; lastKnownFileType = image.png; path = "iTunesArtwork@2x.png"; sourceTree = "<group>"; };
		1789349419A6921300310CDB /* todo.png */ = {isa = PBXFileReference; lastKnownFileType = image.png; path = todo.png; sourceTree = "<group>"; };
		1789349919A694FE00310CDB /* list.png */ = {isa = PBXFileReference; lastKnownFileType = image.png; path = list.png; sourceTree = "<group>"; };
		1789F89019AA3255006F83ED /* PVMenuViewController.h */ = {isa = PBXFileReference; fileEncoding = 4; lastKnownFileType = sourcecode.c.h; path = PVMenuViewController.h; sourceTree = "<group>"; };
		1789F89119AA3255006F83ED /* PVMenuViewController.m */ = {isa = PBXFileReference; fileEncoding = 4; lastKnownFileType = sourcecode.c.objc; path = PVMenuViewController.m; sourceTree = "<group>"; };
		17C4F23619BCBF2F00CF3243 /* es */ = {isa = PBXFileReference; lastKnownFileType = text.plist.strings; name = es; path = es.lproj/Main.strings; sourceTree = "<group>"; };
		17C4F23719BCBF2F00CF3243 /* es */ = {isa = PBXFileReference; lastKnownFileType = text.plist.strings; name = es; path = es.lproj/InfoPlist.strings; sourceTree = "<group>"; };
		17C4F23819BCBF2F00CF3243 /* es */ = {isa = PBXFileReference; lastKnownFileType = text.plist.strings; name = es; path = es.lproj/InfoPlist.strings; sourceTree = "<group>"; };
		17DB92E519A4309C00AEBFC3 /* Color Do.app */ = {isa = PBXFileReference; explicitFileType = wrapper.application; includeInIndex = 0; path = "Color Do.app"; sourceTree = BUILT_PRODUCTS_DIR; };
		17DB92E819A4309C00AEBFC3 /* Foundation.framework */ = {isa = PBXFileReference; lastKnownFileType = wrapper.framework; name = Foundation.framework; path = System/Library/Frameworks/Foundation.framework; sourceTree = SDKROOT; };
		17DB92EA19A4309C00AEBFC3 /* CoreGraphics.framework */ = {isa = PBXFileReference; lastKnownFileType = wrapper.framework; name = CoreGraphics.framework; path = System/Library/Frameworks/CoreGraphics.framework; sourceTree = SDKROOT; };
		17DB92EC19A4309C00AEBFC3 /* UIKit.framework */ = {isa = PBXFileReference; lastKnownFileType = wrapper.framework; name = UIKit.framework; path = System/Library/Frameworks/UIKit.framework; sourceTree = SDKROOT; };
		17DB92F019A4309C00AEBFC3 /* Color Do-Info.plist */ = {isa = PBXFileReference; lastKnownFileType = text.plist.xml; path = "Color Do-Info.plist"; sourceTree = "<group>"; };
		17DB92F219A4309C00AEBFC3 /* en */ = {isa = PBXFileReference; lastKnownFileType = text.plist.strings; name = en; path = en.lproj/InfoPlist.strings; sourceTree = "<group>"; };
		17DB92F419A4309C00AEBFC3 /* main.m */ = {isa = PBXFileReference; lastKnownFileType = sourcecode.c.objc; path = main.m; sourceTree = "<group>"; };
		17DB92F619A4309C00AEBFC3 /* Color Do-Prefix.pch */ = {isa = PBXFileReference; lastKnownFileType = sourcecode.c.h; path = "Color Do-Prefix.pch"; sourceTree = "<group>"; };
		17DB92F719A4309C00AEBFC3 /* PVAppDelegate.h */ = {isa = PBXFileReference; lastKnownFileType = sourcecode.c.h; path = PVAppDelegate.h; sourceTree = "<group>"; };
		17DB92F819A4309C00AEBFC3 /* PVAppDelegate.m */ = {isa = PBXFileReference; lastKnownFileType = sourcecode.c.objc; path = PVAppDelegate.m; sourceTree = "<group>"; };
		17DB92FB19A4309C00AEBFC3 /* Base */ = {isa = PBXFileReference; lastKnownFileType = file.storyboard; name = Base; path = Base.lproj/Main.storyboard; sourceTree = "<group>"; };
		17DB930019A4309C00AEBFC3 /* Images.xcassets */ = {isa = PBXFileReference; lastKnownFileType = folder.assetcatalog; path = Images.xcassets; sourceTree = "<group>"; };
		17DB930619A4309C00AEBFC3 /* XCTest.framework */ = {isa = PBXFileReference; lastKnownFileType = wrapper.framework; name = XCTest.framework; path = Library/Frameworks/XCTest.framework; sourceTree = DEVELOPER_DIR; };
		17DB930E19A4309C00AEBFC3 /* Color DoTests-Info.plist */ = {isa = PBXFileReference; lastKnownFileType = text.plist.xml; path = "Color DoTests-Info.plist"; sourceTree = "<group>"; };
		17DB931019A4309C00AEBFC3 /* en */ = {isa = PBXFileReference; lastKnownFileType = text.plist.strings; name = en; path = en.lproj/InfoPlist.strings; sourceTree = "<group>"; };
		17DB931219A4309C00AEBFC3 /* Color_DoTests.m */ = {isa = PBXFileReference; lastKnownFileType = sourcecode.c.objc; path = Color_DoTests.m; sourceTree = "<group>"; };
		17DB932219A4339900AEBFC3 /* PVSecondTableViewController.h */ = {isa = PBXFileReference; fileEncoding = 4; lastKnownFileType = sourcecode.c.h; path = PVSecondTableViewController.h; sourceTree = "<group>"; };
		17DB932319A4339900AEBFC3 /* PVSecondTableViewController.m */ = {isa = PBXFileReference; fileEncoding = 4; lastKnownFileType = sourcecode.c.objc; path = PVSecondTableViewController.m; sourceTree = "<group>"; };
		17DB932A19A43DDD00AEBFC3 /* PVSecondTableViewCell.h */ = {isa = PBXFileReference; fileEncoding = 4; lastKnownFileType = sourcecode.c.h; path = PVSecondTableViewCell.h; sourceTree = "<group>"; };
		17DB932B19A43DDD00AEBFC3 /* PVSecondTableViewCell.m */ = {isa = PBXFileReference; fileEncoding = 4; lastKnownFileType = sourcecode.c.objc; path = PVSecondTableViewCell.m; sourceTree = "<group>"; };
		17DB932D19A43E6300AEBFC3 /* Ayuda.h */ = {isa = PBXFileReference; lastKnownFileType = sourcecode.c.h; path = Ayuda.h; sourceTree = "<group>"; };
		17DB934519A449F300AEBFC3 /* Aller Font License.txt */ = {isa = PBXFileReference; fileEncoding = 4; lastKnownFileType = text; path = "Aller Font License.txt"; sourceTree = "<group>"; };
		17DB934619A449F300AEBFC3 /* Aller_Bd.ttf */ = {isa = PBXFileReference; lastKnownFileType = file; path = Aller_Bd.ttf; sourceTree = "<group>"; };
		17DB934719A449F300AEBFC3 /* Aller_BdIt.ttf */ = {isa = PBXFileReference; lastKnownFileType = file; path = Aller_BdIt.ttf; sourceTree = "<group>"; };
		17DB934819A449F300AEBFC3 /* Aller_It.ttf */ = {isa = PBXFileReference; lastKnownFileType = file; path = Aller_It.ttf; sourceTree = "<group>"; };
		17DB934919A449F300AEBFC3 /* Aller_Lt.ttf */ = {isa = PBXFileReference; lastKnownFileType = file; path = Aller_Lt.ttf; sourceTree = "<group>"; };
		17DB934A19A449F300AEBFC3 /* Aller_LtIt.ttf */ = {isa = PBXFileReference; lastKnownFileType = file; path = Aller_LtIt.ttf; sourceTree = "<group>"; };
		17DB934B19A449F300AEBFC3 /* Aller_Rg.ttf */ = {isa = PBXFileReference; lastKnownFileType = file; path = Aller_Rg.ttf; sourceTree = "<group>"; };
		17DB934C19A449F300AEBFC3 /* AllerDisplay.ttf */ = {isa = PBXFileReference; lastKnownFileType = file; path = AllerDisplay.ttf; sourceTree = "<group>"; };
		17DB935519A44D4F00AEBFC3 /* PVListItem.h */ = {isa = PBXFileReference; fileEncoding = 4; lastKnownFileType = sourcecode.c.h; path = PVListItem.h; sourceTree = "<group>"; };
		17DB935619A44D4F00AEBFC3 /* PVListItem.m */ = {isa = PBXFileReference; fileEncoding = 4; lastKnownFileType = sourcecode.c.objc; path = PVListItem.m; sourceTree = "<group>"; };
/* End PBXFileReference section */

/* Begin PBXFrameworksBuildPhase section */
		17DB92E219A4309C00AEBFC3 /* Frameworks */ = {
			isa = PBXFrameworksBuildPhase;
			buildActionMask = 2147483647;
			files = (
				17DB92EB19A4309C00AEBFC3 /* CoreGraphics.framework in Frameworks */,
				17DB92ED19A4309C00AEBFC3 /* UIKit.framework in Frameworks */,
				17DB92E919A4309C00AEBFC3 /* Foundation.framework in Frameworks */,
			);
			runOnlyForDeploymentPostprocessing = 0;
		};
		17DB930319A4309C00AEBFC3 /* Frameworks */ = {
			isa = PBXFrameworksBuildPhase;
			buildActionMask = 2147483647;
			files = (
				17DB930719A4309C00AEBFC3 /* XCTest.framework in Frameworks */,
				17DB930919A4309C00AEBFC3 /* UIKit.framework in Frameworks */,
				17DB930819A4309C00AEBFC3 /* Foundation.framework in Frameworks */,
			);
			runOnlyForDeploymentPostprocessing = 0;
		};
/* End PBXFrameworksBuildPhase section */

/* Begin PBXGroup section */
		174D2EF219AB7FE5004424E1 /* Otros */ = {
			isa = PBXGroup;
			children = (
				174D2EEF19AB7FDE004424E1 /* MKiCloudSync.h */,
				174D2EF019AB7FDE004424E1 /* MKiCloudSync.m */,
				17DB92F719A4309C00AEBFC3 /* PVAppDelegate.h */,
				17DB92F819A4309C00AEBFC3 /* PVAppDelegate.m */,
			);
			name = Otros;
			sourceTree = "<group>";
		};
		174D2EF819AB8C99004424E1 /* mockups */ = {
			isa = PBXGroup;
			children = (
				174D2EF919AB8CD3004424E1 /* 1.png */,
				174D2EFA19AB8CD3004424E1 /* 2.png */,
				174D2EFB19AB8CD3004424E1 /* 3.png */,
				174D2EFC19AB8CD3004424E1 /* 4.png */,
				174D2EFD19AB8CD3004424E1 /* 5.png */,
				174D2EFE19AB8CD3004424E1 /* 6.png */,
			);
			name = mockups;
			sourceTree = "<group>";
		};
		1784BB9A1A4E213C0012C034 /* App icons */ = {
			isa = PBXGroup;
			children = (
				1784BB9B1A4E213C0012C034 /* Icon-40.png */,
				1784BB9C1A4E213C0012C034 /* Icon-40@2x.png */,
				1784BB9D1A4E213C0012C034 /* Icon-40@3x.png */,
				1784BB9E1A4E213C0012C034 /* Icon-60.png */,
				1784BB9F1A4E213C0012C034 /* Icon-60@2x.png */,
				1784BBA01A4E213C0012C034 /* Icon-60@3x.png */,
				1784BBA11A4E213C0012C034 /* Icon-72.png */,
				1784BBA21A4E213C0012C034 /* Icon-72@2x.png */,
				1784BBA31A4E213C0012C034 /* Icon-76.png */,
				1784BBA41A4E213C0012C034 /* Icon-76@2x.png */,
				1784BBA51A4E213C0012C034 /* Icon-Small-50.png */,
				1784BBA61A4E213C0012C034 /* Icon-Small-50@2x.png */,
				1784BBA71A4E213C0012C034 /* Icon-Small.png */,
				1784BBA81A4E213C0012C034 /* Icon-Small@2x.png */,
				1784BBA91A4E213C0012C034 /* Icon-Small@3x.png */,
				1784BBAA1A4E213C0012C034 /* Icon.png */,
				1784BBAB1A4E213C0012C034 /* Icon@2x.png */,
				1784BBAC1A4E213C0012C034 /* iTunesArtwork.png */,
				1784BBAD1A4E213C0012C034 /* iTunesArtwork@2x.png */,
			);
			path = "App icons";
			sourceTree = "<group>";
		};
		1789349219A68F1C00310CDB /* img */ = {
			isa = PBXGroup;
			children = (
				174D2EF419AB82F6004424E1 /* flechaI.png */,
				174D2EF519AB82F6004424E1 /* flechaD.png */,
				171C8D8719A6982600B4470D /* settings.png */,
				1789349919A694FE00310CDB /* list.png */,
				1789349419A6921300310CDB /* todo.png */,
			);
			name = img;
			sourceTree = "<group>";
		};
		1789F88E19AA321B006F83ED /* Objetos */ = {
			isa = PBXGroup;
			children = (
				17DB935519A44D4F00AEBFC3 /* PVListItem.h */,
				17DB935619A44D4F00AEBFC3 /* PVListItem.m */,
			);
			name = Objetos;
			sourceTree = "<group>";
		};
		1789F88F19AA3227006F83ED /* ViewControllers */ = {
			isa = PBXGroup;
			children = (
				1789F89019AA3255006F83ED /* PVMenuViewController.h */,
				1789F89119AA3255006F83ED /* PVMenuViewController.m */,
				173AC30F19AB9B1B004744CB /* PVSettingsViewController.h */,
				173AC31019AB9B1B004744CB /* PVSettingsViewController.m */,
				173AC31519ABA15A004744CB /* PVInfoViewController.h */,
				173AC31619ABA15A004744CB /* PVInfoViewController.m */,
			);
			name = ViewControllers;
			sourceTree = "<group>";
		};
		17DB92DC19A4309C00AEBFC3 = {
			isa = PBXGroup;
			children = (
				17DB92EE19A4309C00AEBFC3 /* Color Do */,
				17DB930C19A4309C00AEBFC3 /* Color DoTests */,
				17DB92E719A4309C00AEBFC3 /* Frameworks */,
				17DB92E619A4309C00AEBFC3 /* Products */,
			);
			sourceTree = "<group>";
		};
		17DB92E619A4309C00AEBFC3 /* Products */ = {
			isa = PBXGroup;
			children = (
				17DB92E519A4309C00AEBFC3 /* Color Do.app */,
			);
			name = Products;
			sourceTree = "<group>";
		};
		17DB92E719A4309C00AEBFC3 /* Frameworks */ = {
			isa = PBXGroup;
			children = (
				17DB92E819A4309C00AEBFC3 /* Foundation.framework */,
				17DB92EA19A4309C00AEBFC3 /* CoreGraphics.framework */,
				17DB92EC19A4309C00AEBFC3 /* UIKit.framework */,
				17DB930619A4309C00AEBFC3 /* XCTest.framework */,
			);
			name = Frameworks;
			sourceTree = "<group>";
		};
		17DB92EE19A4309C00AEBFC3 /* Color Do */ = {
			isa = PBXGroup;
			children = (
				1789F88E19AA321B006F83ED /* Objetos */,
				174D2EF319AB808B004424E1 /* Color Do.entitlements */,
				174D2EF219AB7FE5004424E1 /* Otros */,
				1789F88F19AA3227006F83ED /* ViewControllers */,
				17DB932919A43DC500AEBFC3 /* TableViews */,
				17DB932819A43DBA00AEBFC3 /* Cells */,
				17DB92FA19A4309C00AEBFC3 /* Main.storyboard */,
				1784BB971A4E1BB10012C034 /* Main_iPad.storyboard */,
				17DB930019A4309C00AEBFC3 /* Images.xcassets */,
				17DB92EF19A4309C00AEBFC3 /* Supporting Files */,
			);
			path = "Color Do";
			sourceTree = "<group>";
		};
		17DB92EF19A4309C00AEBFC3 /* Supporting Files */ = {
			isa = PBXGroup;
			children = (
				1784BB9A1A4E213C0012C034 /* App icons */,
				174D2EF819AB8C99004424E1 /* mockups */,
				1789349219A68F1C00310CDB /* img */,
				17DB934419A449F300AEBFC3 /* Aller */,
				17DB932D19A43E6300AEBFC3 /* Ayuda.h */,
				17DB92F019A4309C00AEBFC3 /* Color Do-Info.plist */,
				17DB92F119A4309C00AEBFC3 /* InfoPlist.strings */,
				17DB92F419A4309C00AEBFC3 /* main.m */,
				17DB92F619A4309C00AEBFC3 /* Color Do-Prefix.pch */,
			);
			name = "Supporting Files";
			sourceTree = "<group>";
		};
		17DB930C19A4309C00AEBFC3 /* Color DoTests */ = {
			isa = PBXGroup;
			children = (
				17DB931219A4309C00AEBFC3 /* Color_DoTests.m */,
				17DB930D19A4309C00AEBFC3 /* Supporting Files */,
			);
			path = "Color DoTests";
			sourceTree = "<group>";
		};
		17DB930D19A4309C00AEBFC3 /* Supporting Files */ = {
			isa = PBXGroup;
			children = (
				17DB930E19A4309C00AEBFC3 /* Color DoTests-Info.plist */,
				17DB930F19A4309C00AEBFC3 /* InfoPlist.strings */,
			);
			name = "Supporting Files";
			sourceTree = "<group>";
		};
		17DB932819A43DBA00AEBFC3 /* Cells */ = {
			isa = PBXGroup;
			children = (
				17DB932A19A43DDD00AEBFC3 /* PVSecondTableViewCell.h */,
				17DB932B19A43DDD00AEBFC3 /* PVSecondTableViewCell.m */,
			);
			name = Cells;
			sourceTree = "<group>";
		};
		17DB932919A43DC500AEBFC3 /* TableViews */ = {
			isa = PBXGroup;
			children = (
				17DB932219A4339900AEBFC3 /* PVSecondTableViewController.h */,
				17DB932319A4339900AEBFC3 /* PVSecondTableViewController.m */,
				171C8D8919A698E100B4470D /* PVThirdTableViewController.h */,
				171C8D8A19A698E100B4470D /* PVThirdTableViewController.m */,
			);
			name = TableViews;
			sourceTree = "<group>";
		};
		17DB934419A449F300AEBFC3 /* Aller */ = {
			isa = PBXGroup;
			children = (
				17DB934519A449F300AEBFC3 /* Aller Font License.txt */,
				17DB934619A449F300AEBFC3 /* Aller_Bd.ttf */,
				17DB934719A449F300AEBFC3 /* Aller_BdIt.ttf */,
				17DB934819A449F300AEBFC3 /* Aller_It.ttf */,
				17DB934919A449F300AEBFC3 /* Aller_Lt.ttf */,
				17DB934A19A449F300AEBFC3 /* Aller_LtIt.ttf */,
				17DB934B19A449F300AEBFC3 /* Aller_Rg.ttf */,
				17DB934C19A449F300AEBFC3 /* AllerDisplay.ttf */,
			);
			path = Aller;
			sourceTree = "<group>";
		};
/* End PBXGroup section */

/* Begin PBXNativeTarget section */
		17DB92E419A4309C00AEBFC3 /* Color Do */ = {
			isa = PBXNativeTarget;
			buildConfigurationList = 17DB931619A4309C00AEBFC3 /* Build configuration list for PBXNativeTarget "Color Do" */;
			buildPhases = (
				17DB92E119A4309C00AEBFC3 /* Sources */,
				17DB92E219A4309C00AEBFC3 /* Frameworks */,
				17DB92E319A4309C00AEBFC3 /* Resources */,
			);
			buildRules = (
			);
			dependencies = (
			);
			name = "Color Do";
			productName = "Color Do";
			productReference = 17DB92E519A4309C00AEBFC3 /* Color Do.app */;
			productType = "com.apple.product-type.application";
		};
		17DB930519A4309C00AEBFC3 /* Color DoTests */ = {
			isa = PBXNativeTarget;
			buildConfigurationList = 17DB931919A4309C00AEBFC3 /* Build configuration list for PBXNativeTarget "Color DoTests" */;
			buildPhases = (
				17DB930219A4309C00AEBFC3 /* Sources */,
				17DB930319A4309C00AEBFC3 /* Frameworks */,
				17DB930419A4309C00AEBFC3 /* Resources */,
			);
			buildRules = (
			);
			dependencies = (
				17DB930B19A4309C00AEBFC3 /* PBXTargetDependency */,
			);
			name = "Color DoTests";
			productName = "Color DoTests";
			productType = "com.apple.product-type.bundle.unit-test";
		};
/* End PBXNativeTarget section */

/* Begin PBXProject section */
		17DB92DD19A4309C00AEBFC3 /* Project object */ = {
			isa = PBXProject;
			attributes = {
				CLASSPREFIX = PV;
				LastUpgradeCheck = 0510;
				ORGANIZATIONNAME = "Pablo Varela";
				TargetAttributes = {
					17DB92E419A4309C00AEBFC3 = {
						DevelopmentTeam = 4WCM5KK2FC;
						SystemCapabilities = {
							com.apple.iCloud = {
								enabled = 1;
							};
						};
					};
					17DB930519A4309C00AEBFC3 = {
						TestTargetID = 17DB92E419A4309C00AEBFC3;
					};
				};
			};
			buildConfigurationList = 17DB92E019A4309C00AEBFC3 /* Build configuration list for PBXProject "Color Do" */;
			compatibilityVersion = "Xcode 3.2";
			developmentRegion = English;
			hasScannedForEncodings = 0;
			knownRegions = (
				en,
				Base,
				es,
			);
			mainGroup = 17DB92DC19A4309C00AEBFC3;
			productRefGroup = 17DB92E619A4309C00AEBFC3 /* Products */;
			projectDirPath = "";
			projectRoot = "";
			targets = (
				17DB92E419A4309C00AEBFC3 /* Color Do */,
				17DB930519A4309C00AEBFC3 /* Color DoTests */,
			);
		};
/* End PBXProject section */

/* Begin PBXResourcesBuildPhase section */
		17DB92E319A4309C00AEBFC3 /* Resources */ = {
			isa = PBXResourcesBuildPhase;
			buildActionMask = 2147483647;
			files = (
				174D2F0219AB8CD3004424E1 /* 4.png in Resources */,
				1784BBB61A4E213C0012C034 /* Icon-76.png in Resources */,
				1784BBBC1A4E213C0012C034 /* Icon-Small@3x.png in Resources */,
				1784BBB91A4E213C0012C034 /* Icon-Small-50@2x.png in Resources */,
				174D2EFF19AB8CD3004424E1 /* 1.png in Resources */,
				174D2F0319AB8CD3004424E1 /* 5.png in Resources */,
				1784BBB21A4E213C0012C034 /* Icon-60@2x.png in Resources */,
				1784BBBB1A4E213C0012C034 /* Icon-Small@2x.png in Resources */,
				1784BBB31A4E213C0012C034 /* Icon-60@3x.png in Resources */,
				1784BBBE1A4E213C0012C034 /* Icon@2x.png in Resources */,
				17DB935419A449F300AEBFC3 /* AllerDisplay.ttf in Resources */,
				1784BBBA1A4E213C0012C034 /* Icon-Small.png in Resources */,
				174D2F0019AB8CD3004424E1 /* 2.png in Resources */,
				174D2EF619AB82F6004424E1 /* flechaI.png in Resources */,
				174D2F0119AB8CD3004424E1 /* 3.png in Resources */,
				1784BBBF1A4E213C0012C034 /* iTunesArtwork.png in Resources */,
				174D2F0419AB8CD3004424E1 /* 6.png in Resources */,
				1784BBB81A4E213C0012C034 /* Icon-Small-50.png in Resources */,
				1784BBAE1A4E213C0012C034 /* Icon-40.png in Resources */,
				1784BBB41A4E213C0012C034 /* Icon-72.png in Resources */,
				174D2EF719AB82F6004424E1 /* flechaD.png in Resources */,
				17DB930119A4309C00AEBFC3 /* Images.xcassets in Resources */,
				17DB92F319A4309C00AEBFC3 /* InfoPlist.strings in Resources */,
				1784BBB71A4E213C0012C034 /* Icon-76@2x.png in Resources */,
				171C8D8819A6982600B4470D /* settings.png in Resources */,
				17DB935319A449F300AEBFC3 /* Aller_Rg.ttf in Resources */,
				1784BBB11A4E213C0012C034 /* Icon-60.png in Resources */,
				1784BB991A4E1BB10012C034 /* Main_iPad.storyboard in Resources */,
				1789349619A6921300310CDB /* todo.png in Resources */,
				1784BBB01A4E213C0012C034 /* Icon-40@3x.png in Resources */,
				17DB934F19A449F300AEBFC3 /* Aller_BdIt.ttf in Resources */,
				17DB934E19A449F300AEBFC3 /* Aller_Bd.ttf in Resources */,
				17DB934D19A449F300AEBFC3 /* Aller Font License.txt in Resources */,
				17DB92FC19A4309C00AEBFC3 /* Main.storyboard in Resources */,
				17DB935019A449F300AEBFC3 /* Aller_It.ttf in Resources */,
				1784BBBD1A4E213C0012C034 /* Icon.png in Resources */,
				17DB935219A449F300AEBFC3 /* Aller_LtIt.ttf in Resources */,
				1784BBC01A4E213C0012C034 /* iTunesArtwork@2x.png in Resources */,
				17DB935119A449F300AEBFC3 /* Aller_Lt.ttf in Resources */,
				1784BBB51A4E213C0012C034 /* Icon-72@2x.png in Resources */,
				1789349A19A694FE00310CDB /* list.png in Resources */,
				1784BBAF1A4E213C0012C034 /* Icon-40@2x.png in Resources */,
			);
			runOnlyForDeploymentPostprocessing = 0;
		};
		17DB930419A4309C00AEBFC3 /* Resources */ = {
			isa = PBXResourcesBuildPhase;
			buildActionMask = 2147483647;
			files = (
				17DB931119A4309C00AEBFC3 /* InfoPlist.strings in Resources */,
			);
			runOnlyForDeploymentPostprocessing = 0;
		};
/* End PBXResourcesBuildPhase section */

/* Begin PBXSourcesBuildPhase section */
		17DB92E119A4309C00AEBFC3 /* Sources */ = {
			isa = PBXSourcesBuildPhase;
			buildActionMask = 2147483647;
			files = (
				17DB92F919A4309C00AEBFC3 /* PVAppDelegate.m in Sources */,
				17DB935719A44D4F00AEBFC3 /* PVListItem.m in Sources */,
				1789F89219AA3255006F83ED /* PVMenuViewController.m in Sources */,
				173AC31119AB9B1B004744CB /* PVSettingsViewController.m in Sources */,
				173AC31719ABA15A004744CB /* PVInfoViewController.m in Sources */,
				17DB932419A4339900AEBFC3 /* PVSecondTableViewController.m in Sources */,
				17DB92F519A4309C00AEBFC3 /* main.m in Sources */,
				17DB932C19A43DDD00AEBFC3 /* PVSecondTableViewCell.m in Sources */,
				174D2EF119AB7FDE004424E1 /* MKiCloudSync.m in Sources */,
				171C8D8B19A698E100B4470D /* PVThirdTableViewController.m in Sources */,
			);
			runOnlyForDeploymentPostprocessing = 0;
		};
		17DB930219A4309C00AEBFC3 /* Sources */ = {
			isa = PBXSourcesBuildPhase;
			buildActionMask = 2147483647;
			files = (
				17DB931319A4309C00AEBFC3 /* Color_DoTests.m in Sources */,
			);
			runOnlyForDeploymentPostprocessing = 0;
		};
/* End PBXSourcesBuildPhase section */

/* Begin PBXTargetDependency section */
		17DB930B19A4309C00AEBFC3 /* PBXTargetDependency */ = {
			isa = PBXTargetDependency;
			target = 17DB92E419A4309C00AEBFC3 /* Color Do */;
			targetProxy = 17DB930A19A4309C00AEBFC3 /* PBXContainerItemProxy */;
		};
/* End PBXTargetDependency section */

/* Begin PBXVariantGroup section */
		1784BB971A4E1BB10012C034 /* Main_iPad.storyboard */ = {
			isa = PBXVariantGroup;
			children = (
				1784BB981A4E1BB10012C034 /* Base */,
			);
			name = Main_iPad.storyboard;
			sourceTree = "<group>";
		};
		17DB92F119A4309C00AEBFC3 /* InfoPlist.strings */ = {
			isa = PBXVariantGroup;
			children = (
				17DB92F219A4309C00AEBFC3 /* en */,
				17C4F23719BCBF2F00CF3243 /* es */,
			);
			name = InfoPlist.strings;
			sourceTree = "<group>";
		};
		17DB92FA19A4309C00AEBFC3 /* Main.storyboard */ = {
			isa = PBXVariantGroup;
			children = (
				17DB92FB19A4309C00AEBFC3 /* Base */,
				1723A3BD19AA9A2600A2C624 /* en */,
				17C4F23619BCBF2F00CF3243 /* es */,
			);
			name = Main.storyboard;
			sourceTree = "<group>";
		};
		17DB930F19A4309C00AEBFC3 /* InfoPlist.strings */ = {
			isa = PBXVariantGroup;
			children = (
				17DB931019A4309C00AEBFC3 /* en */,
				17C4F23819BCBF2F00CF3243 /* es */,
			);
			name = InfoPlist.strings;
			sourceTree = "<group>";
		};
/* End PBXVariantGroup section */

/* Begin XCBuildConfiguration section */
		17DB931419A4309C00AEBFC3 /* Debug */ = {
			isa = XCBuildConfiguration;
			buildSettings = {
				ALWAYS_SEARCH_USER_PATHS = NO;
				CLANG_CXX_LANGUAGE_STANDARD = "gnu++0x";
				CLANG_CXX_LIBRARY = "libc++";
				CLANG_ENABLE_MODULES = YES;
				CLANG_ENABLE_OBJC_ARC = YES;
				CLANG_WARN_BOOL_CONVERSION = YES;
				CLANG_WARN_CONSTANT_CONVERSION = YES;
				CLANG_WARN_DIRECT_OBJC_ISA_USAGE = YES_ERROR;
				CLANG_WARN_EMPTY_BODY = YES;
				CLANG_WARN_ENUM_CONVERSION = YES;
				CLANG_WARN_INT_CONVERSION = YES;
				CLANG_WARN_OBJC_ROOT_CLASS = YES_ERROR;
				CLANG_WARN__DUPLICATE_METHOD_MATCH = YES;
				"CODE_SIGN_IDENTITY[sdk=iphoneos*]" = "iPhone Developer";
				COPY_PHASE_STRIP = NO;
				GCC_C_LANGUAGE_STANDARD = gnu99;
				GCC_DYNAMIC_NO_PIC = NO;
				GCC_OPTIMIZATION_LEVEL = 0;
				GCC_PREPROCESSOR_DEFINITIONS = (
					"DEBUG=1",
					"$(inherited)",
				);
				GCC_SYMBOLS_PRIVATE_EXTERN = NO;
				GCC_WARN_64_TO_32_BIT_CONVERSION = YES;
				GCC_WARN_ABOUT_RETURN_TYPE = YES_ERROR;
				GCC_WARN_UNDECLARED_SELECTOR = YES;
				GCC_WARN_UNINITIALIZED_AUTOS = YES_AGGRESSIVE;
				GCC_WARN_UNUSED_FUNCTION = YES;
				GCC_WARN_UNUSED_VARIABLE = YES;
				IPHONEOS_DEPLOYMENT_TARGET = 7.1;
				ONLY_ACTIVE_ARCH = YES;
				SDKROOT = iphoneos;
			};
			name = Debug;
		};
		17DB931519A4309C00AEBFC3 /* Release */ = {
			isa = XCBuildConfiguration;
			buildSettings = {
				ALWAYS_SEARCH_USER_PATHS = NO;
				CLANG_CXX_LANGUAGE_STANDARD = "gnu++0x";
				CLANG_CXX_LIBRARY = "libc++";
				CLANG_ENABLE_MODULES = YES;
				CLANG_ENABLE_OBJC_ARC = YES;
				CLANG_WARN_BOOL_CONVERSION = YES;
				CLANG_WARN_CONSTANT_CONVERSION = YES;
				CLANG_WARN_DIRECT_OBJC_ISA_USAGE = YES_ERROR;
				CLANG_WARN_EMPTY_BODY = YES;
				CLANG_WARN_ENUM_CONVERSION = YES;
				CLANG_WARN_INT_CONVERSION = YES;
				CLANG_WARN_OBJC_ROOT_CLASS = YES_ERROR;
				CLANG_WARN__DUPLICATE_METHOD_MATCH = YES;
				"CODE_SIGN_IDENTITY[sdk=iphoneos*]" = "iPhone Developer";
				COPY_PHASE_STRIP = YES;
				ENABLE_NS_ASSERTIONS = NO;
				GCC_C_LANGUAGE_STANDARD = gnu99;
				GCC_WARN_64_TO_32_BIT_CONVERSION = YES;
				GCC_WARN_ABOUT_RETURN_TYPE = YES_ERROR;
				GCC_WARN_UNDECLARED_SELECTOR = YES;
				GCC_WARN_UNINITIALIZED_AUTOS = YES_AGGRESSIVE;
				GCC_WARN_UNUSED_FUNCTION = YES;
				GCC_WARN_UNUSED_VARIABLE = YES;
				IPHONEOS_DEPLOYMENT_TARGET = 7.1;
				SDKROOT = iphoneos;
				VALIDATE_PRODUCT = YES;
			};
			name = Release;
		};
		17DB931719A4309C00AEBFC3 /* Debug */ = {
			isa = XCBuildConfiguration;
			buildSettings = {
				ASSETCATALOG_COMPILER_APPICON_NAME = "AppIcon-2";
				ASSETCATALOG_COMPILER_LAUNCHIMAGE_NAME = LaunchImage;
				CODE_SIGN_ENTITLEMENTS = "Color Do/Color Do.entitlements";
				CODE_SIGN_IDENTITY = "iPhone Developer";
				"CODE_SIGN_IDENTITY[sdk=iphoneos*]" = "iPhone Developer";
				GCC_PRECOMPILE_PREFIX_HEADER = YES;
				GCC_PREFIX_HEADER = "Color Do/Color Do-Prefix.pch";
				INFOPLIST_FILE = "Color Do/Color Do-Info.plist";
				PRODUCT_NAME = "Color Do";
				PROVISIONING_PROFILE = "";
				TARGETED_DEVICE_FAMILY = "1,2";
				WRAPPER_EXTENSION = app;
			};
			name = Debug;
		};
		17DB931819A4309C00AEBFC3 /* Release */ = {
			isa = XCBuildConfiguration;
			buildSettings = {
				ASSETCATALOG_COMPILER_APPICON_NAME = "AppIcon-2";
				ASSETCATALOG_COMPILER_LAUNCHIMAGE_NAME = LaunchImage;
				CODE_SIGN_ENTITLEMENTS = "Color Do/Color Do.entitlements";
				CODE_SIGN_IDENTITY = "iPhone Developer";
				"CODE_SIGN_IDENTITY[sdk=iphoneos*]" = "iPhone Developer";
				GCC_PRECOMPILE_PREFIX_HEADER = YES;
				GCC_PREFIX_HEADER = "Color Do/Color Do-Prefix.pch";
				INFOPLIST_FILE = "Color Do/Color Do-Info.plist";
				PRODUCT_NAME = "Color Do";
				PROVISIONING_PROFILE = "";
				TARGETED_DEVICE_FAMILY = "1,2";
				WRAPPER_EXTENSION = app;
			};
			name = Release;
		};
		17DB931A19A4309C00AEBFC3 /* Debug */ = {
			isa = XCBuildConfiguration;
			buildSettings = {
				BUNDLE_LOADER = "$(BUILT_PRODUCTS_DIR)/Color Do.app/Color Do";
				FRAMEWORK_SEARCH_PATHS = (
					"$(SDKROOT)/Developer/Library/Frameworks",
					"$(inherited)",
					"$(DEVELOPER_FRAMEWORKS_DIR)",
				);
				GCC_PRECOMPILE_PREFIX_HEADER = YES;
				GCC_PREFIX_HEADER = "Color Do/Color Do-Prefix.pch";
				GCC_PREPROCESSOR_DEFINITIONS = (
					"DEBUG=1",
					"$(inherited)",
				);
				INFOPLIST_FILE = "Color DoTests/Color DoTests-Info.plist";
				PRODUCT_NAME = "Color DoTests";
				TEST_HOST = "$(BUNDLE_LOADER)";
				WRAPPER_EXTENSION = xctest;
			};
			name = Debug;
		};
		17DB931B19A4309C00AEBFC3 /* Release */ = {
			isa = XCBuildConfiguration;
			buildSettings = {
				BUNDLE_LOADER = "$(BUILT_PRODUCTS_DIR)/Color Do.app/Color Do";
				FRAMEWORK_SEARCH_PATHS = (
					"$(SDKROOT)/Developer/Library/Frameworks",
					"$(inherited)",
					"$(DEVELOPER_FRAMEWORKS_DIR)",
				);
				GCC_PRECOMPILE_PREFIX_HEADER = YES;
				GCC_PREFIX_HEADER = "Color Do/Color Do-Prefix.pch";
				INFOPLIST_FILE = "Color DoTests/Color DoTests-Info.plist";
				PRODUCT_NAME = "Color DoTests";
				TEST_HOST = "$(BUNDLE_LOADER)";
				WRAPPER_EXTENSION = xctest;
			};
			name = Release;
		};
/* End XCBuildConfiguration section */

/* Begin XCConfigurationList section */
		17DB92E019A4309C00AEBFC3 /* Build configuration list for PBXProject "Color Do" */ = {
			isa = XCConfigurationList;
			buildConfigurations = (
				17DB931419A4309C00AEBFC3 /* Debug */,
				17DB931519A4309C00AEBFC3 /* Release */,
			);
			defaultConfigurationIsVisible = 0;
			defaultConfigurationName = Release;
		};
		17DB931619A4309C00AEBFC3 /* Build configuration list for PBXNativeTarget "Color Do" */ = {
			isa = XCConfigurationList;
			buildConfigurations = (
				17DB931719A4309C00AEBFC3 /* Debug */,
				17DB931819A4309C00AEBFC3 /* Release */,
			);
			defaultConfigurationIsVisible = 0;
			defaultConfigurationName = Release;
		};
		17DB931919A4309C00AEBFC3 /* Build configuration list for PBXNativeTarget "Color DoTests" */ = {
			isa = XCConfigurationList;
			buildConfigurations = (
				17DB931A19A4309C00AEBFC3 /* Debug */,
				17DB931B19A4309C00AEBFC3 /* Release */,
			);
			defaultConfigurationIsVisible = 0;
			defaultConfigurationName = Release;
		};
/* End XCConfigurationList section */
	};
	rootObject = 17DB92DD19A4309C00AEBFC3 /* Project object */;
}
