// !$*UTF8*$!
{
	archiveVersion = 1;
	classes = {
	};
	objectVersion = 46;
	objects = {

/* Begin PBXBuildFile section */
		171C8D8819A6982600B4470D /* settings.png in Resources */ = {isa = PBXBuildFile; fileRef = 171C8D8719A6982600B4470D /* settings.png */; };
		171C8D8B19A698E100B4470D /* PVThirdTableViewController.m in Sources */ = {isa = PBXBuildFile; fileRef = 171C8D8A19A698E100B4470D /* PVThirdTableViewController.m */; };
		177750AB19A540B500EBC044 /* AppIcon29x29.png in Resources */ = {isa = PBXBuildFile; fileRef = 1777509B19A540B500EBC044 /* AppIcon29x29.png */; };
		177750AC19A540B500EBC044 /* AppIcon29x29@2x.png in Resources */ = {isa = PBXBuildFile; fileRef = 1777509C19A540B500EBC044 /* AppIcon29x29@2x.png */; };
		177750AD19A540B500EBC044 /* AppIcon40x40.png in Resources */ = {isa = PBXBuildFile; fileRef = 1777509D19A540B500EBC044 /* AppIcon40x40.png */; };
		177750AE19A540B500EBC044 /* AppIcon40x40@2x.png in Resources */ = {isa = PBXBuildFile; fileRef = 1777509E19A540B500EBC044 /* AppIcon40x40@2x.png */; };
		177750AF19A540B500EBC044 /* AppIcon50x50.png in Resources */ = {isa = PBXBuildFile; fileRef = 1777509F19A540B500EBC044 /* AppIcon50x50.png */; };
		177750B019A540B500EBC044 /* AppIcon50x50@2x.png in Resources */ = {isa = PBXBuildFile; fileRef = 177750A019A540B500EBC044 /* AppIcon50x50@2x.png */; };
		177750B119A540B500EBC044 /* AppIcon57x57.png in Resources */ = {isa = PBXBuildFile; fileRef = 177750A119A540B500EBC044 /* AppIcon57x57.png */; };
		177750B219A540B500EBC044 /* AppIcon57x57@2x.png in Resources */ = {isa = PBXBuildFile; fileRef = 177750A219A540B500EBC044 /* AppIcon57x57@2x.png */; };
		177750B319A540B500EBC044 /* AppIcon60x60.png in Resources */ = {isa = PBXBuildFile; fileRef = 177750A319A540B500EBC044 /* AppIcon60x60.png */; };
		177750B419A540B500EBC044 /* AppIcon60x60@2x.png in Resources */ = {isa = PBXBuildFile; fileRef = 177750A419A540B500EBC044 /* AppIcon60x60@2x.png */; };
		177750B519A540B500EBC044 /* AppIcon72x72.png in Resources */ = {isa = PBXBuildFile; fileRef = 177750A519A540B500EBC044 /* AppIcon72x72.png */; };
		177750B619A540B500EBC044 /* AppIcon72x72@2x.png in Resources */ = {isa = PBXBuildFile; fileRef = 177750A619A540B500EBC044 /* AppIcon72x72@2x.png */; };
		177750B719A540B500EBC044 /* AppIcon76x76.png in Resources */ = {isa = PBXBuildFile; fileRef = 177750A719A540B500EBC044 /* AppIcon76x76.png */; };
		177750B819A540B500EBC044 /* AppIcon76x76@2x.png in Resources */ = {isa = PBXBuildFile; fileRef = 177750A819A540B500EBC044 /* AppIcon76x76@2x.png */; };
		177750B919A540B500EBC044 /* iTunesArtwork.png in Resources */ = {isa = PBXBuildFile; fileRef = 177750A919A540B500EBC044 /* iTunesArtwork.png */; };
		177750BA19A540B500EBC044 /* iTunesArtwork@2x.png in Resources */ = {isa = PBXBuildFile; fileRef = 177750AA19A540B500EBC044 /* iTunesArtwork@2x.png */; };
		1789349619A6921300310CDB /* todo.png in Resources */ = {isa = PBXBuildFile; fileRef = 1789349419A6921300310CDB /* todo.png */; };
		1789349A19A694FE00310CDB /* list.png in Resources */ = {isa = PBXBuildFile; fileRef = 1789349919A694FE00310CDB /* list.png */; };
		17DB92E919A4309C00AEBFC3 /* Foundation.framework in Frameworks */ = {isa = PBXBuildFile; fileRef = 17DB92E819A4309C00AEBFC3 /* Foundation.framework */; };
		17DB92EB19A4309C00AEBFC3 /* CoreGraphics.framework in Frameworks */ = {isa = PBXBuildFile; fileRef = 17DB92EA19A4309C00AEBFC3 /* CoreGraphics.framework */; };
		17DB92ED19A4309C00AEBFC3 /* UIKit.framework in Frameworks */ = {isa = PBXBuildFile; fileRef = 17DB92EC19A4309C00AEBFC3 /* UIKit.framework */; };
		17DB92F319A4309C00AEBFC3 /* InfoPlist.strings in Resources */ = {isa = PBXBuildFile; fileRef = 17DB92F119A4309C00AEBFC3 /* InfoPlist.strings */; };
		17DB92F519A4309C00AEBFC3 /* main.m in Sources */ = {isa = PBXBuildFile; fileRef = 17DB92F419A4309C00AEBFC3 /* main.m */; };
		17DB92F919A4309C00AEBFC3 /* PVAppDelegate.m in Sources */ = {isa = PBXBuildFile; fileRef = 17DB92F819A4309C00AEBFC3 /* PVAppDelegate.m */; };
		17DB92FC19A4309C00AEBFC3 /* Main.storyboard in Resources */ = {isa = PBXBuildFile; fileRef = 17DB92FA19A4309C00AEBFC3 /* Main.storyboard */; };
		17DB930119A4309C00AEBFC3 /* Images.xcassets in Resources */ = {isa = PBXBuildFile; fileRef = 17DB930019A4309C00AEBFC3 /* Images.xcassets */; };
		17DB930719A4309C00AEBFC3 /* XCTest.framework in Frameworks */ = {isa = PBXBuildFile; fileRef = 17DB930619A4309C00AEBFC3 /* XCTest.framework */; };
		17DB930819A4309C00AEBFC3 /* Foundation.framework in Frameworks */ = {isa = PBXBuildFile; fileRef = 17DB92E819A4309C00AEBFC3 /* Foundation.framework */; };
		17DB930919A4309C00AEBFC3 /* UIKit.framework in Frameworks */ = {isa = PBXBuildFile; fileRef = 17DB92EC19A4309C00AEBFC3 /* UIKit.framework */; };
		17DB931119A4309C00AEBFC3 /* InfoPlist.strings in Resources */ = {isa = PBXBuildFile; fileRef = 17DB930F19A4309C00AEBFC3 /* InfoPlist.strings */; };
		17DB931319A4309C00AEBFC3 /* Color_DoTests.m in Sources */ = {isa = PBXBuildFile; fileRef = 17DB931219A4309C00AEBFC3 /* Color_DoTests.m */; };
		17DB932419A4339900AEBFC3 /* PVSecondTableViewController.m in Sources */ = {isa = PBXBuildFile; fileRef = 17DB932319A4339900AEBFC3 /* PVSecondTableViewController.m */; };
		17DB932C19A43DDD00AEBFC3 /* PVSecondTableViewCell.m in Sources */ = {isa = PBXBuildFile; fileRef = 17DB932B19A43DDD00AEBFC3 /* PVSecondTableViewCell.m */; };
		17DB934D19A449F300AEBFC3 /* Aller Font License.txt in Resources */ = {isa = PBXBuildFile; fileRef = 17DB934519A449F300AEBFC3 /* Aller Font License.txt */; };
		17DB934E19A449F300AEBFC3 /* Aller_Bd.ttf in Resources */ = {isa = PBXBuildFile; fileRef = 17DB934619A449F300AEBFC3 /* Aller_Bd.ttf */; };
		17DB934F19A449F300AEBFC3 /* Aller_BdIt.ttf in Resources */ = {isa = PBXBuildFile; fileRef = 17DB934719A449F300AEBFC3 /* Aller_BdIt.ttf */; };
		17DB935019A449F300AEBFC3 /* Aller_It.ttf in Resources */ = {isa = PBXBuildFile; fileRef = 17DB934819A449F300AEBFC3 /* Aller_It.ttf */; };
		17DB935119A449F300AEBFC3 /* Aller_Lt.ttf in Resources */ = {isa = PBXBuildFile; fileRef = 17DB934919A449F300AEBFC3 /* Aller_Lt.ttf */; };
		17DB935219A449F300AEBFC3 /* Aller_LtIt.ttf in Resources */ = {isa = PBXBuildFile; fileRef = 17DB934A19A449F300AEBFC3 /* Aller_LtIt.ttf */; };
		17DB935319A449F300AEBFC3 /* Aller_Rg.ttf in Resources */ = {isa = PBXBuildFile; fileRef = 17DB934B19A449F300AEBFC3 /* Aller_Rg.ttf */; };
		17DB935419A449F300AEBFC3 /* AllerDisplay.ttf in Resources */ = {isa = PBXBuildFile; fileRef = 17DB934C19A449F300AEBFC3 /* AllerDisplay.ttf */; };
		17DB935719A44D4F00AEBFC3 /* PVListItem.m in Sources */ = {isa = PBXBuildFile; fileRef = 17DB935619A44D4F00AEBFC3 /* PVListItem.m */; };
/* End PBXBuildFile section */

/* Begin PBXContainerItemProxy section */
		17DB930A19A4309C00AEBFC3 /* PBXContainerItemProxy */ = {
			isa = PBXContainerItemProxy;
			containerPortal = 17DB92DD19A4309C00AEBFC3 /* Project object */;
			proxyType = 1;
			remoteGlobalIDString = 17DB92E419A4309C00AEBFC3;
			remoteInfo = "Color Do";
		};
/* End PBXContainerItemProxy section */

/* Begin PBXFileReference section */
		171C8D8719A6982600B4470D /* settings.png */ = {isa = PBXFileReference; lastKnownFileType = image.png; path = settings.png; sourceTree = "<group>"; };
		171C8D8919A698E100B4470D /* PVThirdTableViewController.h */ = {isa = PBXFileReference; fileEncoding = 4; lastKnownFileType = sourcecode.c.h; path = PVThirdTableViewController.h; sourceTree = "<group>"; };
		171C8D8A19A698E100B4470D /* PVThirdTableViewController.m */ = {isa = PBXFileReference; fileEncoding = 4; lastKnownFileType = sourcecode.c.objc; path = PVThirdTableViewController.m; sourceTree = "<group>"; };
		1777509B19A540B500EBC044 /* AppIcon29x29.png */ = {isa = PBXFileReference; lastKnownFileType = image.png; path = AppIcon29x29.png; sourceTree = "<group>"; };
		1777509C19A540B500EBC044 /* AppIcon29x29@2x.png */ = {isa = PBXFileReference; lastKnownFileType = image.png; path = "AppIcon29x29@2x.png"; sourceTree = "<group>"; };
		1777509D19A540B500EBC044 /* AppIcon40x40.png */ = {isa = PBXFileReference; lastKnownFileType = image.png; path = AppIcon40x40.png; sourceTree = "<group>"; };
		1777509E19A540B500EBC044 /* AppIcon40x40@2x.png */ = {isa = PBXFileReference; lastKnownFileType = image.png; path = "AppIcon40x40@2x.png"; sourceTree = "<group>"; };
		1777509F19A540B500EBC044 /* AppIcon50x50.png */ = {isa = PBXFileReference; lastKnownFileType = image.png; path = AppIcon50x50.png; sourceTree = "<group>"; };
		177750A019A540B500EBC044 /* AppIcon50x50@2x.png */ = {isa = PBXFileReference; lastKnownFileType = image.png; path = "AppIcon50x50@2x.png"; sourceTree = "<group>"; };
		177750A119A540B500EBC044 /* AppIcon57x57.png */ = {isa = PBXFileReference; lastKnownFileType = image.png; path = AppIcon57x57.png; sourceTree = "<group>"; };
		177750A219A540B500EBC044 /* AppIcon57x57@2x.png */ = {isa = PBXFileReference; lastKnownFileType = image.png; path = "AppIcon57x57@2x.png"; sourceTree = "<group>"; };
		177750A319A540B500EBC044 /* AppIcon60x60.png */ = {isa = PBXFileReference; lastKnownFileType = image.png; path = AppIcon60x60.png; sourceTree = "<group>"; };
		177750A419A540B500EBC044 /* AppIcon60x60@2x.png */ = {isa = PBXFileReference; lastKnownFileType = image.png; path = "AppIcon60x60@2x.png"; sourceTree = "<group>"; };
		177750A519A540B500EBC044 /* AppIcon72x72.png */ = {isa = PBXFileReference; lastKnownFileType = image.png; path = AppIcon72x72.png; sourceTree = "<group>"; };
		177750A619A540B500EBC044 /* AppIcon72x72@2x.png */ = {isa = PBXFileReference; lastKnownFileType = image.png; path = "AppIcon72x72@2x.png"; sourceTree = "<group>"; };
		177750A719A540B500EBC044 /* AppIcon76x76.png */ = {isa = PBXFileReference; lastKnownFileType = image.png; path = AppIcon76x76.png; sourceTree = "<group>"; };
		177750A819A540B500EBC044 /* AppIcon76x76@2x.png */ = {isa = PBXFileReference; lastKnownFileType = image.png; path = "AppIcon76x76@2x.png"; sourceTree = "<group>"; };
		177750A919A540B500EBC044 /* iTunesArtwork.png */ = {isa = PBXFileReference; lastKnownFileType = image.png; path = iTunesArtwork.png; sourceTree = "<group>"; };
		177750AA19A540B500EBC044 /* iTunesArtwork@2x.png */ = {isa = PBXFileReference; lastKnownFileType = image.png; path = "iTunesArtwork@2x.png"; sourceTree = "<group>"; };
		1789349419A6921300310CDB /* todo.png */ = {isa = PBXFileReference; lastKnownFileType = image.png; path = todo.png; sourceTree = "<group>"; };
		1789349919A694FE00310CDB /* list.png */ = {isa = PBXFileReference; lastKnownFileType = image.png; path = list.png; sourceTree = "<group>"; };
		17DB92E519A4309C00AEBFC3 /* Color Do.app */ = {isa = PBXFileReference; explicitFileType = wrapper.application; includeInIndex = 0; path = "Color Do.app"; sourceTree = BUILT_PRODUCTS_DIR; };
		17DB92E819A4309C00AEBFC3 /* Foundation.framework */ = {isa = PBXFileReference; lastKnownFileType = wrapper.framework; name = Foundation.framework; path = System/Library/Frameworks/Foundation.framework; sourceTree = SDKROOT; };
		17DB92EA19A4309C00AEBFC3 /* CoreGraphics.framework */ = {isa = PBXFileReference; lastKnownFileType = wrapper.framework; name = CoreGraphics.framework; path = System/Library/Frameworks/CoreGraphics.framework; sourceTree = SDKROOT; };
		17DB92EC19A4309C00AEBFC3 /* UIKit.framework */ = {isa = PBXFileReference; lastKnownFileType = wrapper.framework; name = UIKit.framework; path = System/Library/Frameworks/UIKit.framework; sourceTree = SDKROOT; };
		17DB92F019A4309C00AEBFC3 /* Color Do-Info.plist */ = {isa = PBXFileReference; lastKnownFileType = text.plist.xml; path = "Color Do-Info.plist"; sourceTree = "<group>"; };
		17DB92F219A4309C00AEBFC3 /* en */ = {isa = PBXFileReference; lastKnownFileType = text.plist.strings; name = en; path = en.lproj/InfoPlist.strings; sourceTree = "<group>"; };
		17DB92F419A4309C00AEBFC3 /* main.m */ = {isa = PBXFileReference; lastKnownFileType = sourcecode.c.objc; path = main.m; sourceTree = "<group>"; };
		17DB92F619A4309C00AEBFC3 /* Color Do-Prefix.pch */ = {isa = PBXFileReference; lastKnownFileType = sourcecode.c.h; path = "Color Do-Prefix.pch"; sourceTree = "<group>"; };
		17DB92F719A4309C00AEBFC3 /* PVAppDelegate.h */ = {isa = PBXFileReference; lastKnownFileType = sourcecode.c.h; path = PVAppDelegate.h; sourceTree = "<group>"; };
		17DB92F819A4309C00AEBFC3 /* PVAppDelegate.m */ = {isa = PBXFileReference; lastKnownFileType = sourcecode.c.objc; path = PVAppDelegate.m; sourceTree = "<group>"; };
		17DB92FB19A4309C00AEBFC3 /* Base */ = {isa = PBXFileReference; lastKnownFileType = file.storyboard; name = Base; path = Base.lproj/Main.storyboard; sourceTree = "<group>"; };
		17DB930019A4309C00AEBFC3 /* Images.xcassets */ = {isa = PBXFileReference; lastKnownFileType = folder.assetcatalog; path = Images.xcassets; sourceTree = "<group>"; };
		17DB930619A4309C00AEBFC3 /* XCTest.framework */ = {isa = PBXFileReference; lastKnownFileType = wrapper.framework; name = XCTest.framework; path = Library/Frameworks/XCTest.framework; sourceTree = DEVELOPER_DIR; };
		17DB930E19A4309C00AEBFC3 /* Color DoTests-Info.plist */ = {isa = PBXFileReference; lastKnownFileType = text.plist.xml; path = "Color DoTests-Info.plist"; sourceTree = "<group>"; };
		17DB931019A4309C00AEBFC3 /* en */ = {isa = PBXFileReference; lastKnownFileType = text.plist.strings; name = en; path = en.lproj/InfoPlist.strings; sourceTree = "<group>"; };
		17DB931219A4309C00AEBFC3 /* Color_DoTests.m */ = {isa = PBXFileReference; lastKnownFileType = sourcecode.c.objc; path = Color_DoTests.m; sourceTree = "<group>"; };
		17DB932219A4339900AEBFC3 /* PVSecondTableViewController.h */ = {isa = PBXFileReference; fileEncoding = 4; lastKnownFileType = sourcecode.c.h; path = PVSecondTableViewController.h; sourceTree = "<group>"; };
		17DB932319A4339900AEBFC3 /* PVSecondTableViewController.m */ = {isa = PBXFileReference; fileEncoding = 4; lastKnownFileType = sourcecode.c.objc; path = PVSecondTableViewController.m; sourceTree = "<group>"; };
		17DB932A19A43DDD00AEBFC3 /* PVSecondTableViewCell.h */ = {isa = PBXFileReference; fileEncoding = 4; lastKnownFileType = sourcecode.c.h; path = PVSecondTableViewCell.h; sourceTree = "<group>"; };
		17DB932B19A43DDD00AEBFC3 /* PVSecondTableViewCell.m */ = {isa = PBXFileReference; fileEncoding = 4; lastKnownFileType = sourcecode.c.objc; path = PVSecondTableViewCell.m; sourceTree = "<group>"; };
		17DB932D19A43E6300AEBFC3 /* Ayuda.h */ = {isa = PBXFileReference; lastKnownFileType = sourcecode.c.h; path = Ayuda.h; sourceTree = "<group>"; };
		17DB934519A449F300AEBFC3 /* Aller Font License.txt */ = {isa = PBXFileReference; fileEncoding = 4; lastKnownFileType = text; path = "Aller Font License.txt"; sourceTree = "<group>"; };
		17DB934619A449F300AEBFC3 /* Aller_Bd.ttf */ = {isa = PBXFileReference; lastKnownFileType = file; path = Aller_Bd.ttf; sourceTree = "<group>"; };
		17DB934719A449F300AEBFC3 /* Aller_BdIt.ttf */ = {isa = PBXFileReference; lastKnownFileType = file; path = Aller_BdIt.ttf; sourceTree = "<group>"; };
		17DB934819A449F300AEBFC3 /* Aller_It.ttf */ = {isa = PBXFileReference; lastKnownFileType = file; path = Aller_It.ttf; sourceTree = "<group>"; };
		17DB934919A449F300AEBFC3 /* Aller_Lt.ttf */ = {isa = PBXFileReference; lastKnownFileType = file; path = Aller_Lt.ttf; sourceTree = "<group>"; };
		17DB934A19A449F300AEBFC3 /* Aller_LtIt.ttf */ = {isa = PBXFileReference; lastKnownFileType = file; path = Aller_LtIt.ttf; sourceTree = "<group>"; };
		17DB934B19A449F300AEBFC3 /* Aller_Rg.ttf */ = {isa = PBXFileReference; lastKnownFileType = file; path = Aller_Rg.ttf; sourceTree = "<group>"; };
		17DB934C19A449F300AEBFC3 /* AllerDisplay.ttf */ = {isa = PBXFileReference; lastKnownFileType = file; path = AllerDisplay.ttf; sourceTree = "<group>"; };
		17DB935519A44D4F00AEBFC3 /* PVListItem.h */ = {isa = PBXFileReference; fileEncoding = 4; lastKnownFileType = sourcecode.c.h; path = PVListItem.h; sourceTree = "<group>"; };
		17DB935619A44D4F00AEBFC3 /* PVListItem.m */ = {isa = PBXFileReference; fileEncoding = 4; lastKnownFileType = sourcecode.c.objc; path = PVListItem.m; sourceTree = "<group>"; };
/* End PBXFileReference section */

/* Begin PBXFrameworksBuildPhase section */
		17DB92E219A4309C00AEBFC3 /* Frameworks */ = {
			isa = PBXFrameworksBuildPhase;
			buildActionMask = 2147483647;
			files = (
				17DB92EB19A4309C00AEBFC3 /* CoreGraphics.framework in Frameworks */,
				17DB92ED19A4309C00AEBFC3 /* UIKit.framework in Frameworks */,
				17DB92E919A4309C00AEBFC3 /* Foundation.framework in Frameworks */,
			);
			runOnlyForDeploymentPostprocessing = 0;
		};
		17DB930319A4309C00AEBFC3 /* Frameworks */ = {
			isa = PBXFrameworksBuildPhase;
			buildActionMask = 2147483647;
			files = (
				17DB930719A4309C00AEBFC3 /* XCTest.framework in Frameworks */,
				17DB930919A4309C00AEBFC3 /* UIKit.framework in Frameworks */,
				17DB930819A4309C00AEBFC3 /* Foundation.framework in Frameworks */,
			);
			runOnlyForDeploymentPostprocessing = 0;
		};
/* End PBXFrameworksBuildPhase section */

/* Begin PBXGroup section */
		1777509A19A540B500EBC044 /* App Icon [Rounded] */ = {
			isa = PBXGroup;
			children = (
				1777509B19A540B500EBC044 /* AppIcon29x29.png */,
				1777509C19A540B500EBC044 /* AppIcon29x29@2x.png */,
				1777509D19A540B500EBC044 /* AppIcon40x40.png */,
				1777509E19A540B500EBC044 /* AppIcon40x40@2x.png */,
				1777509F19A540B500EBC044 /* AppIcon50x50.png */,
				177750A019A540B500EBC044 /* AppIcon50x50@2x.png */,
				177750A119A540B500EBC044 /* AppIcon57x57.png */,
				177750A219A540B500EBC044 /* AppIcon57x57@2x.png */,
				177750A319A540B500EBC044 /* AppIcon60x60.png */,
				177750A419A540B500EBC044 /* AppIcon60x60@2x.png */,
				177750A519A540B500EBC044 /* AppIcon72x72.png */,
				177750A619A540B500EBC044 /* AppIcon72x72@2x.png */,
				177750A719A540B500EBC044 /* AppIcon76x76.png */,
				177750A819A540B500EBC044 /* AppIcon76x76@2x.png */,
				177750A919A540B500EBC044 /* iTunesArtwork.png */,
				177750AA19A540B500EBC044 /* iTunesArtwork@2x.png */,
			);
			path = "App Icon [Rounded]";
			sourceTree = "<group>";
		};
		1789349219A68F1C00310CDB /* img */ = {
			isa = PBXGroup;
			children = (
				171C8D8719A6982600B4470D /* settings.png */,
				1789349919A694FE00310CDB /* list.png */,
				1789349419A6921300310CDB /* todo.png */,
			);
			name = img;
			sourceTree = "<group>";
		};
		17DB92DC19A4309C00AEBFC3 = {
			isa = PBXGroup;
			children = (
				17DB92EE19A4309C00AEBFC3 /* Color Do */,
				17DB930C19A4309C00AEBFC3 /* Color DoTests */,
				17DB92E719A4309C00AEBFC3 /* Frameworks */,
				17DB92E619A4309C00AEBFC3 /* Products */,
			);
			sourceTree = "<group>";
		};
		17DB92E619A4309C00AEBFC3 /* Products */ = {
			isa = PBXGroup;
			children = (
				17DB92E519A4309C00AEBFC3 /* Color Do.app */,
			);
			name = Products;
			sourceTree = "<group>";
		};
		17DB92E719A4309C00AEBFC3 /* Frameworks */ = {
			isa = PBXGroup;
			children = (
				17DB92E819A4309C00AEBFC3 /* Foundation.framework */,
				17DB92EA19A4309C00AEBFC3 /* CoreGraphics.framework */,
				17DB92EC19A4309C00AEBFC3 /* UIKit.framework */,
				17DB930619A4309C00AEBFC3 /* XCTest.framework */,
			);
			name = Frameworks;
			sourceTree = "<group>";
		};
		17DB92EE19A4309C00AEBFC3 /* Color Do */ = {
			isa = PBXGroup;
			children = (
				17DB935519A44D4F00AEBFC3 /* PVListItem.h */,
				17DB935619A44D4F00AEBFC3 /* PVListItem.m */,
				17DB932919A43DC500AEBFC3 /* TableViews */,
				17DB932819A43DBA00AEBFC3 /* Cells */,
				17DB92F719A4309C00AEBFC3 /* PVAppDelegate.h */,
				17DB92F819A4309C00AEBFC3 /* PVAppDelegate.m */,
				17DB92FA19A4309C00AEBFC3 /* Main.storyboard */,
				17DB930019A4309C00AEBFC3 /* Images.xcassets */,
				17DB92EF19A4309C00AEBFC3 /* Supporting Files */,
			);
			path = "Color Do";
			sourceTree = "<group>";
		};
		17DB92EF19A4309C00AEBFC3 /* Supporting Files */ = {
			isa = PBXGroup;
			children = (
				1789349219A68F1C00310CDB /* img */,
				1777509A19A540B500EBC044 /* App Icon [Rounded] */,
				17DB934419A449F300AEBFC3 /* Aller */,
				17DB932D19A43E6300AEBFC3 /* Ayuda.h */,
				17DB92F019A4309C00AEBFC3 /* Color Do-Info.plist */,
				17DB92F119A4309C00AEBFC3 /* InfoPlist.strings */,
				17DB92F419A4309C00AEBFC3 /* main.m */,
				17DB92F619A4309C00AEBFC3 /* Color Do-Prefix.pch */,
			);
			name = "Supporting Files";
			sourceTree = "<group>";
		};
		17DB930C19A4309C00AEBFC3 /* Color DoTests */ = {
			isa = PBXGroup;
			children = (
				17DB931219A4309C00AEBFC3 /* Color_DoTests.m */,
				17DB930D19A4309C00AEBFC3 /* Supporting Files */,
			);
			path = "Color DoTests";
			sourceTree = "<group>";
		};
		17DB930D19A4309C00AEBFC3 /* Supporting Files */ = {
			isa = PBXGroup;
			children = (
				17DB930E19A4309C00AEBFC3 /* Color DoTests-Info.plist */,
				17DB930F19A4309C00AEBFC3 /* InfoPlist.strings */,
			);
			name = "Supporting Files";
			sourceTree = "<group>";
		};
		17DB932819A43DBA00AEBFC3 /* Cells */ = {
			isa = PBXGroup;
			children = (
				17DB932A19A43DDD00AEBFC3 /* PVSecondTableViewCell.h */,
				17DB932B19A43DDD00AEBFC3 /* PVSecondTableViewCell.m */,
			);
			name = Cells;
			sourceTree = "<group>";
		};
		17DB932919A43DC500AEBFC3 /* TableViews */ = {
			isa = PBXGroup;
			children = (
				17DB932219A4339900AEBFC3 /* PVSecondTableViewController.h */,
				17DB932319A4339900AEBFC3 /* PVSecondTableViewController.m */,
				171C8D8919A698E100B4470D /* PVThirdTableViewController.h */,
				171C8D8A19A698E100B4470D /* PVThirdTableViewController.m */,
			);
			name = TableViews;
			sourceTree = "<group>";
		};
		17DB934419A449F300AEBFC3 /* Aller */ = {
			isa = PBXGroup;
			children = (
				17DB934519A449F300AEBFC3 /* Aller Font License.txt */,
				17DB934619A449F300AEBFC3 /* Aller_Bd.ttf */,
				17DB934719A449F300AEBFC3 /* Aller_BdIt.ttf */,
				17DB934819A449F300AEBFC3 /* Aller_It.ttf */,
				17DB934919A449F300AEBFC3 /* Aller_Lt.ttf */,
				17DB934A19A449F300AEBFC3 /* Aller_LtIt.ttf */,
				17DB934B19A449F300AEBFC3 /* Aller_Rg.ttf */,
				17DB934C19A449F300AEBFC3 /* AllerDisplay.ttf */,
			);
			path = Aller;
			sourceTree = "<group>";
		};
/* End PBXGroup section */

/* Begin PBXNativeTarget section */
		17DB92E419A4309C00AEBFC3 /* Color Do */ = {
			isa = PBXNativeTarget;
			buildConfigurationList = 17DB931619A4309C00AEBFC3 /* Build configuration list for PBXNativeTarget "Color Do" */;
			buildPhases = (
				17DB92E119A4309C00AEBFC3 /* Sources */,
				17DB92E219A4309C00AEBFC3 /* Frameworks */,
				17DB92E319A4309C00AEBFC3 /* Resources */,
			);
			buildRules = (
			);
			dependencies = (
			);
			name = "Color Do";
			productName = "Color Do";
			productReference = 17DB92E519A4309C00AEBFC3 /* Color Do.app */;
			productType = "com.apple.product-type.application";
		};
		17DB930519A4309C00AEBFC3 /* Color DoTests */ = {
			isa = PBXNativeTarget;
			buildConfigurationList = 17DB931919A4309C00AEBFC3 /* Build configuration list for PBXNativeTarget "Color DoTests" */;
			buildPhases = (
				17DB930219A4309C00AEBFC3 /* Sources */,
				17DB930319A4309C00AEBFC3 /* Frameworks */,
				17DB930419A4309C00AEBFC3 /* Resources */,
			);
			buildRules = (
			);
			dependencies = (
				17DB930B19A4309C00AEBFC3 /* PBXTargetDependency */,
			);
			name = "Color DoTests";
			productName = "Color DoTests";
			productType = "com.apple.product-type.bundle.unit-test";
		};
/* End PBXNativeTarget section */

/* Begin PBXProject section */
		17DB92DD19A4309C00AEBFC3 /* Project object */ = {
			isa = PBXProject;
			attributes = {
				CLASSPREFIX = PV;
				LastUpgradeCheck = 0510;
				ORGANIZATIONNAME = "Pablo Varela";
				TargetAttributes = {
					17DB930519A4309C00AEBFC3 = {
						TestTargetID = 17DB92E419A4309C00AEBFC3;
					};
				};
			};
			buildConfigurationList = 17DB92E019A4309C00AEBFC3 /* Build configuration list for PBXProject "Color Do" */;
			compatibilityVersion = "Xcode 3.2";
			developmentRegion = English;
			hasScannedForEncodings = 0;
			knownRegions = (
				en,
				Base,
			);
			mainGroup = 17DB92DC19A4309C00AEBFC3;
			productRefGroup = 17DB92E619A4309C00AEBFC3 /* Products */;
			projectDirPath = "";
			projectRoot = "";
			targets = (
				17DB92E419A4309C00AEBFC3 /* Color Do */,
				17DB930519A4309C00AEBFC3 /* Color DoTests */,
			);
		};
/* End PBXProject section */

/* Begin PBXResourcesBuildPhase section */
		17DB92E319A4309C00AEBFC3 /* Resources */ = {
			isa = PBXResourcesBuildPhase;
			buildActionMask = 2147483647;
			files = (
				17DB935419A449F300AEBFC3 /* AllerDisplay.ttf in Resources */,
				177750B519A540B500EBC044 /* AppIcon72x72.png in Resources */,
				177750B219A540B500EBC044 /* AppIcon57x57@2x.png in Resources */,
				177750B119A540B500EBC044 /* AppIcon57x57.png in Resources */,
				17DB930119A4309C00AEBFC3 /* Images.xcassets in Resources */,
				17DB92F319A4309C00AEBFC3 /* InfoPlist.strings in Resources */,
				171C8D8819A6982600B4470D /* settings.png in Resources */,
				17DB935319A449F300AEBFC3 /* Aller_Rg.ttf in Resources */,
				1789349619A6921300310CDB /* todo.png in Resources */,
				17DB934F19A449F300AEBFC3 /* Aller_BdIt.ttf in Resources */,
				17DB934E19A449F300AEBFC3 /* Aller_Bd.ttf in Resources */,
				177750AE19A540B500EBC044 /* AppIcon40x40@2x.png in Resources */,
				177750B319A540B500EBC044 /* AppIcon60x60.png in Resources */,
				177750B419A540B500EBC044 /* AppIcon60x60@2x.png in Resources */,
				17DB934D19A449F300AEBFC3 /* Aller Font License.txt in Resources */,
				17DB92FC19A4309C00AEBFC3 /* Main.storyboard in Resources */,
				17DB935019A449F300AEBFC3 /* Aller_It.ttf in Resources */,
				177750B719A540B500EBC044 /* AppIcon76x76.png in Resources */,
				177750AC19A540B500EBC044 /* AppIcon29x29@2x.png in Resources */,
				177750B019A540B500EBC044 /* AppIcon50x50@2x.png in Resources */,
				17DB935219A449F300AEBFC3 /* Aller_LtIt.ttf in Resources */,
				17DB935119A449F300AEBFC3 /* Aller_Lt.ttf in Resources */,
				177750B919A540B500EBC044 /* iTunesArtwork.png in Resources */,
				177750AB19A540B500EBC044 /* AppIcon29x29.png in Resources */,
				177750BA19A540B500EBC044 /* iTunesArtwork@2x.png in Resources */,
				177750AD19A540B500EBC044 /* AppIcon40x40.png in Resources */,
				177750B819A540B500EBC044 /* AppIcon76x76@2x.png in Resources */,
				177750B619A540B500EBC044 /* AppIcon72x72@2x.png in Resources */,
				1789349A19A694FE00310CDB /* list.png in Resources */,
				177750AF19A540B500EBC044 /* AppIcon50x50.png in Resources */,
			);
			runOnlyForDeploymentPostprocessing = 0;
		};
		17DB930419A4309C00AEBFC3 /* Resources */ = {
			isa = PBXResourcesBuildPhase;
			buildActionMask = 2147483647;
			files = (
				17DB931119A4309C00AEBFC3 /* InfoPlist.strings in Resources */,
			);
			runOnlyForDeploymentPostprocessing = 0;
		};
/* End PBXResourcesBuildPhase section */

/* Begin PBXSourcesBuildPhase section */
		17DB92E119A4309C00AEBFC3 /* Sources */ = {
			isa = PBXSourcesBuildPhase;
			buildActionMask = 2147483647;
			files = (
				17DB92F919A4309C00AEBFC3 /* PVAppDelegate.m in Sources */,
				17DB935719A44D4F00AEBFC3 /* PVListItem.m in Sources */,
				17DB932419A4339900AEBFC3 /* PVSecondTableViewController.m in Sources */,
				17DB92F519A4309C00AEBFC3 /* main.m in Sources */,
				17DB932C19A43DDD00AEBFC3 /* PVSecondTableViewCell.m in Sources */,
				171C8D8B19A698E100B4470D /* PVThirdTableViewController.m in Sources */,
			);
			runOnlyForDeploymentPostprocessing = 0;
		};
		17DB930219A4309C00AEBFC3 /* Sources */ = {
			isa = PBXSourcesBuildPhase;
			buildActionMask = 2147483647;
			files = (
				17DB931319A4309C00AEBFC3 /* Color_DoTests.m in Sources */,
			);
			runOnlyForDeploymentPostprocessing = 0;
		};
/* End PBXSourcesBuildPhase section */

/* Begin PBXTargetDependency section */
		17DB930B19A4309C00AEBFC3 /* PBXTargetDependency */ = {
			isa = PBXTargetDependency;
			target = 17DB92E419A4309C00AEBFC3 /* Color Do */;
			targetProxy = 17DB930A19A4309C00AEBFC3 /* PBXContainerItemProxy */;
		};
/* End PBXTargetDependency section */

/* Begin PBXVariantGroup section */
		17DB92F119A4309C00AEBFC3 /* InfoPlist.strings */ = {
			isa = PBXVariantGroup;
			children = (
				17DB92F219A4309C00AEBFC3 /* en */,
			);
			name = InfoPlist.strings;
			sourceTree = "<group>";
		};
		17DB92FA19A4309C00AEBFC3 /* Main.storyboard */ = {
			isa = PBXVariantGroup;
			children = (
				17DB92FB19A4309C00AEBFC3 /* Base */,
			);
			name = Main.storyboard;
			sourceTree = "<group>";
		};
		17DB930F19A4309C00AEBFC3 /* InfoPlist.strings */ = {
			isa = PBXVariantGroup;
			children = (
				17DB931019A4309C00AEBFC3 /* en */,
			);
			name = InfoPlist.strings;
			sourceTree = "<group>";
		};
/* End PBXVariantGroup section */

/* Begin XCBuildConfiguration section */
		17DB931419A4309C00AEBFC3 /* Debug */ = {
			isa = XCBuildConfiguration;
			buildSettings = {
				ALWAYS_SEARCH_USER_PATHS = NO;
				CLANG_CXX_LANGUAGE_STANDARD = "gnu++0x";
				CLANG_CXX_LIBRARY = "libc++";
				CLANG_ENABLE_MODULES = YES;
				CLANG_ENABLE_OBJC_ARC = YES;
				CLANG_WARN_BOOL_CONVERSION = YES;
				CLANG_WARN_CONSTANT_CONVERSION = YES;
				CLANG_WARN_DIRECT_OBJC_ISA_USAGE = YES_ERROR;
				CLANG_WARN_EMPTY_BODY = YES;
				CLANG_WARN_ENUM_CONVERSION = YES;
				CLANG_WARN_INT_CONVERSION = YES;
				CLANG_WARN_OBJC_ROOT_CLASS = YES_ERROR;
				CLANG_WARN__DUPLICATE_METHOD_MATCH = YES;
				"CODE_SIGN_IDENTITY[sdk=iphoneos*]" = "iPhone Developer";
				COPY_PHASE_STRIP = NO;
				GCC_C_LANGUAGE_STANDARD = gnu99;
				GCC_DYNAMIC_NO_PIC = NO;
				GCC_OPTIMIZATION_LEVEL = 0;
				GCC_PREPROCESSOR_DEFINITIONS = (
					"DEBUG=1",
					"$(inherited)",
				);
				GCC_SYMBOLS_PRIVATE_EXTERN = NO;
				GCC_WARN_64_TO_32_BIT_CONVERSION = YES;
				GCC_WARN_ABOUT_RETURN_TYPE = YES_ERROR;
				GCC_WARN_UNDECLARED_SELECTOR = YES;
				GCC_WARN_UNINITIALIZED_AUTOS = YES_AGGRESSIVE;
				GCC_WARN_UNUSED_FUNCTION = YES;
				GCC_WARN_UNUSED_VARIABLE = YES;
				IPHONEOS_DEPLOYMENT_TARGET = 7.1;
				ONLY_ACTIVE_ARCH = YES;
				SDKROOT = iphoneos;
			};
			name = Debug;
		};
		17DB931519A4309C00AEBFC3 /* Release */ = {
			isa = XCBuildConfiguration;
			buildSettings = {
				ALWAYS_SEARCH_USER_PATHS = NO;
				CLANG_CXX_LANGUAGE_STANDARD = "gnu++0x";
				CLANG_CXX_LIBRARY = "libc++";
				CLANG_ENABLE_MODULES = YES;
				CLANG_ENABLE_OBJC_ARC = YES;
				CLANG_WARN_BOOL_CONVERSION = YES;
				CLANG_WARN_CONSTANT_CONVERSION = YES;
				CLANG_WARN_DIRECT_OBJC_ISA_USAGE = YES_ERROR;
				CLANG_WARN_EMPTY_BODY = YES;
				CLANG_WARN_ENUM_CONVERSION = YES;
				CLANG_WARN_INT_CONVERSION = YES;
				CLANG_WARN_OBJC_ROOT_CLASS = YES_ERROR;
				CLANG_WARN__DUPLICATE_METHOD_MATCH = YES;
				"CODE_SIGN_IDENTITY[sdk=iphoneos*]" = "iPhone Developer";
				COPY_PHASE_STRIP = YES;
				ENABLE_NS_ASSERTIONS = NO;
				GCC_C_LANGUAGE_STANDARD = gnu99;
				GCC_WARN_64_TO_32_BIT_CONVERSION = YES;
				GCC_WARN_ABOUT_RETURN_TYPE = YES_ERROR;
				GCC_WARN_UNDECLARED_SELECTOR = YES;
				GCC_WARN_UNINITIALIZED_AUTOS = YES_AGGRESSIVE;
				GCC_WARN_UNUSED_FUNCTION = YES;
				GCC_WARN_UNUSED_VARIABLE = YES;
				IPHONEOS_DEPLOYMENT_TARGET = 7.1;
				SDKROOT = iphoneos;
				VALIDATE_PRODUCT = YES;
			};
			name = Release;
		};
		17DB931719A4309C00AEBFC3 /* Debug */ = {
			isa = XCBuildConfiguration;
			buildSettings = {
				ASSETCATALOG_COMPILER_APPICON_NAME = AppIcon;
				ASSETCATALOG_COMPILER_LAUNCHIMAGE_NAME = LaunchImage;
				GCC_PRECOMPILE_PREFIX_HEADER = YES;
				GCC_PREFIX_HEADER = "Color Do/Color Do-Prefix.pch";
				INFOPLIST_FILE = "Color Do/Color Do-Info.plist";
				PRODUCT_NAME = "$(TARGET_NAME)";
				WRAPPER_EXTENSION = app;
			};
			name = Debug;
		};
		17DB931819A4309C00AEBFC3 /* Release */ = {
			isa = XCBuildConfiguration;
			buildSettings = {
				ASSETCATALOG_COMPILER_APPICON_NAME = AppIcon;
				ASSETCATALOG_COMPILER_LAUNCHIMAGE_NAME = LaunchImage;
				GCC_PRECOMPILE_PREFIX_HEADER = YES;
				GCC_PREFIX_HEADER = "Color Do/Color Do-Prefix.pch";
				INFOPLIST_FILE = "Color Do/Color Do-Info.plist";
				PRODUCT_NAME = "$(TARGET_NAME)";
				WRAPPER_EXTENSION = app;
			};
			name = Release;
		};
		17DB931A19A4309C00AEBFC3 /* Debug */ = {
			isa = XCBuildConfiguration;
			buildSettings = {
				BUNDLE_LOADER = "$(BUILT_PRODUCTS_DIR)/Color Do.app/Color Do";
				FRAMEWORK_SEARCH_PATHS = (
					"$(SDKROOT)/Developer/Library/Frameworks",
					"$(inherited)",
					"$(DEVELOPER_FRAMEWORKS_DIR)",
				);
				GCC_PRECOMPILE_PREFIX_HEADER = YES;
				GCC_PREFIX_HEADER = "Color Do/Color Do-Prefix.pch";
				GCC_PREPROCESSOR_DEFINITIONS = (
					"DEBUG=1",
					"$(inherited)",
				);
				INFOPLIST_FILE = "Color DoTests/Color DoTests-Info.plist";
				PRODUCT_NAME = "$(TARGET_NAME)";
				TEST_HOST = "$(BUNDLE_LOADER)";
				WRAPPER_EXTENSION = xctest;
			};
			name = Debug;
		};
		17DB931B19A4309C00AEBFC3 /* Release */ = {
			isa = XCBuildConfiguration;
			buildSettings = {
				BUNDLE_LOADER = "$(BUILT_PRODUCTS_DIR)/Color Do.app/Color Do";
				FRAMEWORK_SEARCH_PATHS = (
					"$(SDKROOT)/Developer/Library/Frameworks",
					"$(inherited)",
					"$(DEVELOPER_FRAMEWORKS_DIR)",
				);
				GCC_PRECOMPILE_PREFIX_HEADER = YES;
				GCC_PREFIX_HEADER = "Color Do/Color Do-Prefix.pch";
				INFOPLIST_FILE = "Color DoTests/Color DoTests-Info.plist";
				PRODUCT_NAME = "$(TARGET_NAME)";
				TEST_HOST = "$(BUNDLE_LOADER)";
				WRAPPER_EXTENSION = xctest;
			};
			name = Release;
		};
/* End XCBuildConfiguration section */

/* Begin XCConfigurationList section */
		17DB92E019A4309C00AEBFC3 /* Build configuration list for PBXProject "Color Do" */ = {
			isa = XCConfigurationList;
			buildConfigurations = (
				17DB931419A4309C00AEBFC3 /* Debug */,
				17DB931519A4309C00AEBFC3 /* Release */,
			);
			defaultConfigurationIsVisible = 0;
			defaultConfigurationName = Release;
		};
		17DB931619A4309C00AEBFC3 /* Build configuration list for PBXNativeTarget "Color Do" */ = {
			isa = XCConfigurationList;
			buildConfigurations = (
				17DB931719A4309C00AEBFC3 /* Debug */,
				17DB931819A4309C00AEBFC3 /* Release */,
			);
			defaultConfigurationIsVisible = 0;
			defaultConfigurationName = Release;
		};
		17DB931919A4309C00AEBFC3 /* Build configuration list for PBXNativeTarget "Color DoTests" */ = {
			isa = XCConfigurationList;
			buildConfigurations = (
				17DB931A19A4309C00AEBFC3 /* Debug */,
				17DB931B19A4309C00AEBFC3 /* Release */,
			);
			defaultConfigurationIsVisible = 0;
			defaultConfigurationName = Release;
		};
/* End XCConfigurationList section */
	};
	rootObject = 17DB92DD19A4309C00AEBFC3 /* Project object */;
}
